{
  "version": 4,
  "terraform_version": "1.0.4",
  "serial": 313,
  "lineage": "40800bc3-2dba-d350-4f1d-4a2b45d877cf",
  "outputs": {},
  "resources": [
    {
      "mode": "managed",
      "type": "github_repository",
      "name": "repos",
      "provider": "provider[\"registry.terraform.io/integrations/github\"]",
      "instances": [
        {
          "index_key": "automatic",
          "schema_version": 0,
          "attributes": {
            "allow_merge_commit": true,
            "allow_rebase_merge": true,
            "allow_squash_merge": true,
            "archive_on_destroy": null,
            "archived": false,
            "auto_init": false,
            "default_branch": "main",
            "delete_branch_on_merge": false,
            "description": "We are going to automate the world - Nash",
            "etag": "W/\"f5b59bfc1b84cc0c91c630f3469fa492a587a06bba8fba1cf00aaaf7a7387513\"",
            "full_name": "breuHQ/automatic",
            "git_clone_url": "git://github.com/breuHQ/automatic.git",
            "gitignore_template": null,
            "has_downloads": true,
            "has_issues": true,
            "has_projects": false,
            "has_wiki": false,
            "homepage_url": "",
            "html_url": "https://github.com/breuHQ/automatic",
            "http_clone_url": "https://github.com/breuHQ/automatic.git",
            "id": "automatic",
            "is_template": false,
            "license_template": null,
            "name": "automatic",
            "node_id": "MDEwOlJlcG9zaXRvcnkzNjUwNzcwNjk=",
            "pages": [],
            "private": true,
            "repo_id": 365077069,
            "ssh_clone_url": "git@github.com:breuHQ/automatic.git",
            "svn_url": "https://github.com/breuHQ/automatic",
            "template": [],
            "topics": [
              "integry"
            ],
            "visibility": "private",
            "vulnerability_alerts": false
          },
          "sensitive_attributes": [],
          "private": "bnVsbA=="
        },
        {
          "index_key": "governance",
          "schema_version": 0,
          "attributes": {
            "allow_merge_commit": true,
            "allow_rebase_merge": true,
            "allow_squash_merge": true,
            "archive_on_destroy": null,
            "archived": false,
            "auto_init": false,
            "default_branch": "main",
            "delete_branch_on_merge": false,
            "description": "Breu's IAM governance as code",
            "etag": "W/\"2f03059003a46eb2b44593901329b226983411698ff01aa52b48a757063b2cc8\"",
            "full_name": "breuHQ/governance",
            "git_clone_url": "git://github.com/breuHQ/governance.git",
            "gitignore_template": null,
            "has_downloads": false,
            "has_issues": false,
            "has_projects": false,
            "has_wiki": false,
            "homepage_url": "",
            "html_url": "https://github.com/breuHQ/governance",
            "http_clone_url": "https://github.com/breuHQ/governance.git",
            "id": "governance",
            "is_template": false,
            "license_template": null,
            "name": "governance",
            "node_id": "MDEwOlJlcG9zaXRvcnkzNzU0MzY5MDQ=",
            "pages": [],
            "private": true,
            "repo_id": 375436904,
            "ssh_clone_url": "git@github.com:breuHQ/governance.git",
            "svn_url": "https://github.com/breuHQ/governance",
            "template": [],
            "topics": [
              "breu",
              "internal"
            ],
            "visibility": "private",
            "vulnerability_alerts": false
          },
          "sensitive_attributes": [],
          "private": "bnVsbA=="
        },
        {
          "index_key": "infra",
          "schema_version": 0,
          "attributes": {
            "allow_merge_commit": true,
            "allow_rebase_merge": true,
            "allow_squash_merge": true,
            "archive_on_destroy": null,
            "archived": false,
            "auto_init": null,
            "default_branch": "main",
            "delete_branch_on_merge": false,
            "description": "IaC for Breu. Setsup Breu as a startup incubator.",
            "etag": "W/\"c3a4e6b431cb012960419b55c2f8a16426b80bcdaff4cd8ce96ebdf4328a6f00\"",
            "full_name": "breuHQ/infra",
            "git_clone_url": "git://github.com/breuHQ/infra.git",
            "gitignore_template": null,
            "has_downloads": true,
            "has_issues": true,
            "has_projects": false,
            "has_wiki": false,
            "homepage_url": "",
            "html_url": "https://github.com/breuHQ/infra",
            "http_clone_url": "https://github.com/breuHQ/infra.git",
            "id": "infra",
            "is_template": false,
            "license_template": null,
            "name": "infra",
            "node_id": "MDEwOlJlcG9zaXRvcnkzODY3ODQ1OTU=",
            "pages": [],
            "private": false,
            "repo_id": 386784595,
            "ssh_clone_url": "git@github.com:breuHQ/infra.git",
            "svn_url": "https://github.com/breuHQ/infra",
            "template": [],
            "topics": [
              "breu",
              "infra",
              "internal"
            ],
            "visibility": "public",
            "vulnerability_alerts": false
          },
          "sensitive_attributes": [],
          "private": "bnVsbA=="
        },
        {
          "index_key": "integry-infra",
          "schema_version": 0,
          "attributes": {
            "allow_merge_commit": true,
            "allow_rebase_merge": true,
            "allow_squash_merge": true,
            "archive_on_destroy": null,
            "archived": false,
            "auto_init": false,
            "default_branch": "main",
            "delete_branch_on_merge": false,
            "description": "IaC for integry.io",
            "etag": "W/\"5b15be97985f5f2ba83ea094968cebceec0f194cf7558b819ce901f79569bbc0\"",
            "full_name": "breuHQ/integry-infra",
            "git_clone_url": "git://github.com/breuHQ/integry-infra.git",
            "gitignore_template": null,
            "has_downloads": true,
            "has_issues": true,
            "has_projects": false,
            "has_wiki": false,
            "homepage_url": "",
            "html_url": "https://github.com/breuHQ/integry-infra",
            "http_clone_url": "https://github.com/breuHQ/integry-infra.git",
            "id": "integry-infra",
            "is_template": false,
            "license_template": null,
            "name": "integry-infra",
            "node_id": "MDEwOlJlcG9zaXRvcnkzODEzNDE3MTM=",
            "pages": [],
            "private": true,
            "repo_id": 381341713,
            "ssh_clone_url": "git@github.com:breuHQ/integry-infra.git",
            "svn_url": "https://github.com/breuHQ/integry-infra",
            "template": [],
            "topics": [
              "infra",
              "integry"
            ],
            "visibility": "private",
            "vulnerability_alerts": false
          },
          "sensitive_attributes": [],
          "private": "bnVsbA=="
        },
        {
          "index_key": "testrepoforapp",
          "schema_version": 0,
          "attributes": {
            "allow_merge_commit": true,
            "allow_rebase_merge": true,
            "allow_squash_merge": true,
            "archive_on_destroy": null,
            "archived": false,
            "auto_init": false,
            "default_branch": "main",
            "delete_branch_on_merge": false,
            "description": "Lets see if we can create a github app",
            "etag": "W/\"82be669c134c621fe9cd733abb2e7c8cff7390860817b4b9f211322f06c56ca8\"",
            "full_name": "breuHQ/testrepoforapp",
            "git_clone_url": "git://github.com/breuHQ/testrepoforapp.git",
            "gitignore_template": null,
            "has_downloads": true,
            "has_issues": true,
            "has_projects": false,
            "has_wiki": false,
            "homepage_url": "",
            "html_url": "https://github.com/breuHQ/testrepoforapp",
            "http_clone_url": "https://github.com/breuHQ/testrepoforapp.git",
            "id": "testrepoforapp",
            "is_template": false,
            "license_template": null,
            "name": "testrepoforapp",
            "node_id": "MDEwOlJlcG9zaXRvcnkzODU1OTI5MDA=",
            "pages": [],
            "private": true,
            "repo_id": 385592900,
            "ssh_clone_url": "git@github.com:breuHQ/testrepoforapp.git",
            "svn_url": "https://github.com/breuHQ/testrepoforapp",
            "template": [],
            "topics": [
              "tracechimp"
            ],
            "visibility": "private",
            "vulnerability_alerts": false
          },
          "sensitive_attributes": [],
          "private": "bnVsbA=="
        },
        {
          "index_key": "tracechimp-dev",
          "schema_version": 0,
          "attributes": {
            "allow_merge_commit": true,
            "allow_rebase_merge": true,
            "allow_squash_merge": true,
            "archive_on_destroy": null,
            "archived": false,
            "auto_init": false,
            "default_branch": "main",
            "delete_branch_on_merge": false,
            "description": "All the experiments before we write production code",
            "etag": "W/\"4b50c85022140a6cb2b71876741c4b54c4058fdccc5a6ff7a023f2abd1a39dc8\"",
            "full_name": "breuHQ/tracechimp-dev",
            "git_clone_url": "git://github.com/breuHQ/tracechimp-dev.git",
            "gitignore_template": null,
            "has_downloads": true,
            "has_issues": true,
            "has_projects": false,
            "has_wiki": false,
            "homepage_url": "",
            "html_url": "https://github.com/breuHQ/tracechimp-dev",
            "http_clone_url": "https://github.com/breuHQ/tracechimp-dev.git",
            "id": "tracechimp-dev",
            "is_template": false,
            "license_template": null,
            "name": "tracechimp-dev",
            "node_id": "MDEwOlJlcG9zaXRvcnkzODI3OTE2Mzk=",
            "pages": [],
            "private": true,
            "repo_id": 382791639,
            "ssh_clone_url": "git@github.com:breuHQ/tracechimp-dev.git",
            "svn_url": "https://github.com/breuHQ/tracechimp-dev",
            "template": [],
            "topics": [
              "tracechimp"
            ],
            "visibility": "private",
            "vulnerability_alerts": false
          },
          "sensitive_attributes": [],
          "private": "bnVsbA=="
        }
      ]
    },
    {
      "mode": "managed",
      "type": "github_team",
      "name": "teams",
      "provider": "provider[\"registry.terraform.io/integrations/github\"]",
      "instances": [
        {
          "index_key": "admins",
          "schema_version": 0,
          "attributes": {
            "create_default_maintainer": false,
            "description": "breuHQ github admins",
            "etag": "W/\"2e73168181f17b71bbbbb7cd524ecfcb787d5e669a6de28c3c1df6f773e4cc4a\"",
            "id": "3558917",
            "ldap_dn": "",
            "members_count": 3,
            "name": "admins",
            "node_id": "MDQ6VGVhbTM1NTg5MTc=",
            "parent_team_id": null,
            "privacy": "secret",
            "slug": "admins"
          },
          "sensitive_attributes": [],
          "private": "bnVsbA=="
        },
        {
          "index_key": "devs",
          "schema_version": 0,
          "attributes": {
            "create_default_maintainer": false,
            "description": "all developers @breu.io",
            "etag": "W/\"88050b095c3cd57e91eaa0b47b107deb9b3f791afe81d0c3a8e3717773b892d2\"",
            "id": "4903898",
            "ldap_dn": "",
            "members_count": 0,
            "name": "devs",
            "node_id": "MDQ6VGVhbTQ5MDM4OTg=",
            "parent_team_id": null,
            "privacy": "secret",
            "slug": "devs"
          },
          "sensitive_attributes": [],
          "private": "bnVsbA=="
        },
        {
          "index_key": "integry",
          "schema_version": 0,
          "attributes": {
            "create_default_maintainer": false,
            "description": "integry.io project team",
            "etag": "W/\"85fa9857f76c04de78bbe3c8e5c2f39879be7b04da4cf2e7fd7b58d73d9434f2\"",
            "id": "4829325",
            "ldap_dn": "",
            "members_count": 6,
            "name": "integry",
            "node_id": "MDQ6VGVhbTQ4MjkzMjU=",
            "parent_team_id": null,
            "privacy": "secret",
            "slug": "integry"
          },
          "sensitive_attributes": [],
          "private": "bnVsbA=="
        },
        {
          "index_key": "slogr",
          "schema_version": 0,
          "attributes": {
            "create_default_maintainer": false,
            "description": "slogr.io team",
            "etag": "W/\"6fab72cadc047a0fc39198a27e2a141220f5b66ca161fdc561f491ef708cbac2\"",
            "id": "4829346",
            "ldap_dn": "",
            "members_count": 9,
            "name": "slogr",
            "node_id": "MDQ6VGVhbTQ4MjkzNDY=",
            "parent_team_id": null,
            "privacy": "secret",
            "slug": "slogr"
          },
          "sensitive_attributes": [],
          "private": "bnVsbA=="
        },
        {
          "index_key": "tracechimp",
          "schema_version": 0,
          "attributes": {
            "create_default_maintainer": false,
            "description": "tracechimp.io team",
            "etag": "W/\"8a0a62832a3bedc601c01e1bb3c2ac3ea15b2736dba6f92d8e5c06806d32795d\"",
            "id": "4973548",
            "ldap_dn": "",
            "members_count": 3,
            "name": "tracechimp",
            "node_id": "T_kwDOA2kWeM4AS-Ps",
            "parent_team_id": null,
            "privacy": "secret",
            "slug": "tracechimp"
          },
          "sensitive_attributes": [],
          "private": "bnVsbA=="
        }
      ]
    },
    {
      "mode": "managed",
      "type": "github_team_membership",
      "name": "team_memberships",
      "provider": "provider[\"registry.terraform.io/integrations/github\"]",
      "instances": [
        {
          "index_key": "admins_debuggerpk",
          "schema_version": 0,
          "attributes": {
            "etag": "W/\"24bdf6d56bf3bc32f7cc9ab23ad9a462a21ad2cc7ea12cd8e4d614e9769e0cbf\"",
            "id": "3558917:debuggerpk",
            "role": "maintainer",
            "team_id": "3558917",
            "username": "debuggerpk"
          },
          "sensitive_attributes": [],
          "private": "eyJzY2hlbWFfdmVyc2lvbiI6IjAifQ==",
          "dependencies": [
            "github_team.teams"
          ]
        },
        {
          "index_key": "admins_sauronil-das",
          "schema_version": 0,
          "attributes": {
            "etag": "W/\"d50410bd23d5d86f35efa582b86ca4ebef52fdf5fa8cf69977afee3c0fb34aa8\"",
            "id": "3558917:sauronil-das",
            "role": "maintainer",
            "team_id": "3558917",
            "username": "sauronil-das"
          },
          "sensitive_attributes": [],
          "private": "bnVsbA==",
          "dependencies": [
            "github_team.teams"
          ]
        },
        {
          "index_key": "admins_shanlashari",
          "schema_version": 0,
          "attributes": {
            "etag": "W/\"c38a3d6dde69bef241e53732e56d1704314f1916bad87e7c86888f2a249f889c\"",
            "id": "3558917:shanlashari",
            "role": "maintainer",
            "team_id": "3558917",
            "username": "shanlashari"
          },
          "sensitive_attributes": [],
          "private": "eyJzY2hlbWFfdmVyc2lvbiI6IjAifQ==",
          "dependencies": [
            "github_team.teams"
          ]
        },
        {
          "index_key": "integry_Nashadelic",
          "schema_version": 0,
          "attributes": {
            "etag": "W/\"23beaf53168619424545e1b8b3ca90fa10fbf59334b2c2a19f2b5ec21592a55b\"",
            "id": "4829325:Nashadelic",
            "role": "member",
            "team_id": "4829325",
            "username": "Nashadelic"
          },
          "sensitive_attributes": [],
          "private": "bnVsbA==",
          "dependencies": [
            "github_team.teams"
          ]
        },
        {
          "index_key": "integry_SMAB95",
          "schema_version": 0,
          "attributes": {
            "etag": "W/\"d29d95dfc81c43cd563c3ed13fb598f47333760242fde37beb6c3032d40fca8f\"",
            "id": "4829325:SMAB95",
            "role": "member",
            "team_id": "4829325",
            "username": "SMAB95"
          },
          "sensitive_attributes": [],
          "private": "bnVsbA==",
          "dependencies": [
            "github_team.teams"
          ]
        },
        {
          "index_key": "integry_thatdevsherry",
          "schema_version": 0,
          "attributes": {
            "etag": "W/\"2cd6cd3ee99cc9b53e7866b8a863a667fed0f302389e007b6bde9f015e833c36\"",
            "id": "4829325:thatdevsherry",
            "role": "member",
            "team_id": "4829325",
            "username": "thatdevsherry"
          },
          "sensitive_attributes": [],
          "private": "bnVsbA==",
          "dependencies": [
            "github_team.teams"
          ]
        },
        {
          "index_key": "integry_yasir-integry",
          "schema_version": 0,
          "attributes": {
            "etag": "W/\"a71ab99656a28f82798be132e35b533e836eebd0e863df990987bf25686e5e75\"",
            "id": "4829325:yasir-integry",
            "role": "member",
            "team_id": "4829325",
            "username": "yasir-integry"
          },
          "sensitive_attributes": [],
          "private": "bnVsbA==",
          "dependencies": [
            "github_team.teams"
          ]
        },
        {
          "index_key": "slogr_OmerBreu",
          "schema_version": 0,
          "attributes": {
            "etag": "W/\"84d081d2ed451a532f52ccd9fdf3d0f9237b08c6cdd9c65676f75c47e04dfdf9\"",
            "id": "4829346:OmerBreu",
            "role": "member",
            "team_id": "4829346",
            "username": "OmerBreu"
          },
          "sensitive_attributes": [],
          "private": "bnVsbA==",
          "dependencies": [
            "github_team.teams"
          ]
        },
        {
          "index_key": "slogr_ahsanfaruqui",
          "schema_version": 0,
          "attributes": {
            "etag": "W/\"6b38bf064097b0c30acfc3bb37f88b0cde7b2a0142771fa180d0b0815d39d496\"",
            "id": "4829346:ahsanfaruqui",
            "role": "member",
            "team_id": "4829346",
            "username": "ahsanfaruqui"
          },
          "sensitive_attributes": [],
          "private": "bnVsbA==",
          "dependencies": [
            "github_team.teams"
          ]
        },
        {
          "index_key": "slogr_auroobahmad",
          "schema_version": 0,
          "attributes": {
            "etag": "W/\"7d96c92683cb63edf3341e0a5e69fc3d15669bdd1cf31426bb1f87cbf6994e5c\"",
            "id": "4829346:auroobahmad",
            "role": "member",
            "team_id": "4829346",
            "username": "auroobahmad"
          },
          "sensitive_attributes": [],
          "private": "bnVsbA==",
          "dependencies": [
            "github_team.teams"
          ]
        },
        {
          "index_key": "slogr_awaiskhalidawan",
          "schema_version": 0,
          "attributes": {
            "etag": "W/\"2d03714ae1573a6285e3e9b856f38dee51309b621e4e1864ce90c618422b9244\"",
            "id": "4829346:awaiskhalidawan",
            "role": "member",
            "team_id": "4829346",
            "username": "awaiskhalidawan"
          },
          "sensitive_attributes": [],
          "private": "bnVsbA==",
          "dependencies": [
            "github_team.teams"
          ]
        },
        {
          "index_key": "slogr_ghalibbajwa",
          "schema_version": 0,
          "attributes": {
            "etag": "W/\"a52ddae117ec903d75331d4c59aed474435666ba133f6b6447255e07ceae875c\"",
            "id": "4829346:ghalibbajwa",
            "role": "member",
            "team_id": "4829346",
            "username": "ghalibbajwa"
          },
          "sensitive_attributes": [],
          "private": "bnVsbA==",
          "dependencies": [
            "github_team.teams"
          ]
        },
        {
          "index_key": "slogr_sauronil-das",
          "schema_version": 0,
          "attributes": {
            "etag": "W/\"df00d712b6759f56ceef0b0482276d22779cf15f79fd12bc17d2f22deaa0ab96\"",
            "id": "4829346:sauronil-das",
            "role": "maintainer",
            "team_id": "4829346",
            "username": "sauronil-das"
          },
          "sensitive_attributes": [],
          "private": "bnVsbA==",
          "dependencies": [
            "github_team.teams"
          ]
        },
        {
          "index_key": "slogr_shanlashari",
          "schema_version": 0,
          "attributes": {
            "etag": "W/\"13307f02b12ceb06b6ca849a9c53f04f4bc14f86b7076fc240e3a551e22ac5cf\"",
            "id": "4829346:shanlashari",
            "role": "maintainer",
            "team_id": "4829346",
            "username": "shanlashari"
          },
          "sensitive_attributes": [],
          "private": "bnVsbA==",
          "dependencies": [
            "github_team.teams"
          ]
        },
        {
          "index_key": "slogr_thatdevsherry",
          "schema_version": 0,
          "attributes": {
            "etag": "W/\"7d3f149692a64c493a79bc84a478ec4ddbc488d65fece993cfd830b29703995f\"",
            "id": "4829346:thatdevsherry",
            "role": "member",
            "team_id": "4829346",
            "username": "thatdevsherry"
          },
          "sensitive_attributes": [],
          "private": "bnVsbA==",
          "dependencies": [
            "github_team.teams"
          ]
        },
        {
          "index_key": "tracechimp_awaiskhalidawan",
          "schema_version": 0,
          "attributes": {
            "etag": "W/\"010ddea1be021bcca50d1bed394c279b688daf8688d903a52719d175c0963468\"",
            "id": "4973548:awaiskhalidawan",
            "role": "member",
            "team_id": "4973548",
            "username": "awaiskhalidawan"
          },
          "sensitive_attributes": [],
          "private": "bnVsbA==",
          "dependencies": [
            "github_team.teams"
          ]
        },
        {
          "index_key": "tracechimp_sauronil-das",
          "schema_version": 0,
          "attributes": {
            "etag": "W/\"1b91c419d9fff90279ff7e054487e1a3a990d71a17366d885f8616a6b52a480f\"",
            "id": "4973548:sauronil-das",
            "role": "maintainer",
            "team_id": "4973548",
            "username": "sauronil-das"
          },
          "sensitive_attributes": [],
          "private": "bnVsbA==",
          "dependencies": [
            "github_team.teams"
          ]
        },
        {
          "index_key": "tracechimp_shanlashari",
          "schema_version": 0,
          "attributes": {
            "etag": "W/\"13fbc37f08c10e7196bd8e56a5edf08c21264614e66047ae5589028cfd836e4e\"",
            "id": "4973548:shanlashari",
            "role": "maintainer",
            "team_id": "4973548",
            "username": "shanlashari"
          },
          "sensitive_attributes": [],
          "private": "bnVsbA==",
          "dependencies": [
            "github_team.teams"
          ]
        }
      ]
    },
    {
      "mode": "managed",
      "type": "github_team_repository",
      "name": "team_repos",
      "provider": "provider[\"registry.terraform.io/integrations/github\"]",
      "instances": [
        {
          "index_key": "automatic_admins",
          "schema_version": 0,
          "attributes": {
            "etag": "W/\"1cd068a8c2d3ffdd0305cce3afe6039ccd76106436afd91e176416ed2dae4823\"",
            "id": "3558917:automatic",
            "permission": "admin",
            "repository": "automatic",
            "team_id": "3558917"
          },
          "sensitive_attributes": [],
          "private": "bnVsbA==",
          "dependencies": [
            "github_team.teams"
          ]
        },
        {
          "index_key": "automatic_integry",
          "schema_version": 0,
          "attributes": {
            "etag": "W/\"25d4508e165fb93c9ba7166a915841a0c8a1a3729a41907a96ece8dc64dfe08e\"",
            "id": "4829325:automatic",
            "permission": "maintain",
            "repository": "automatic",
            "team_id": "4829325"
          },
          "sensitive_attributes": [],
          "private": "bnVsbA==",
          "dependencies": [
            "github_team.teams"
          ]
        },
        {
          "index_key": "governance_admins",
          "schema_version": 0,
          "attributes": {
            "etag": "W/\"4c367a209296db03c1ac1342dfe1a84f1dc4a4650a871f5b8c7c10face07bef4\"",
            "id": "3558917:governance",
            "permission": "admin",
            "repository": "governance",
            "team_id": "3558917"
          },
          "sensitive_attributes": [],
          "private": "bnVsbA==",
          "dependencies": [
            "github_team.teams"
          ]
        },
        {
          "index_key": "infra_admins",
          "schema_version": 0,
          "attributes": {
            "etag": "W/\"3c6f9890caf3baff3efbd6b886c095093ac755aec076d912992c830a9f27541c\"",
            "id": "3558917:infra",
            "permission": "admin",
            "repository": "infra",
            "team_id": "3558917"
          },
          "sensitive_attributes": [],
          "private": "bnVsbA==",
          "dependencies": [
            "github_team.teams"
          ]
        },
        {
          "index_key": "integry-infra_admins",
          "schema_version": 0,
          "attributes": {
            "etag": "W/\"989398c2bae5cafb0c8b6d4b852986f4ee42e3555263a671574fffc8c6c971b5\"",
            "id": "3558917:integry-infra",
            "permission": "admin",
            "repository": "integry-infra",
            "team_id": "3558917"
          },
          "sensitive_attributes": [],
          "private": "bnVsbA==",
          "dependencies": [
            "github_team.teams"
          ]
        },
        {
          "index_key": "integry-infra_integry",
          "schema_version": 0,
          "attributes": {
            "etag": "W/\"4c2e72d295b4cf83066b277b1292b586f7141b2a7b3ce4942e5f2bcb7626035b\"",
            "id": "4829325:integry-infra",
            "permission": "maintain",
            "repository": "integry-infra",
            "team_id": "4829325"
          },
          "sensitive_attributes": [],
          "private": "bnVsbA==",
          "dependencies": [
            "github_team.teams"
          ]
        },
        {
          "index_key": "testrepoforapp_admins",
          "schema_version": 0,
          "attributes": {
            "etag": "W/\"669caaed6856cf57e0be8ca5024b4f63a3da675e98655a67704e8c5d91329995\"",
            "id": "3558917:testrepoforapp",
            "permission": "admin",
            "repository": "testrepoforapp",
            "team_id": "3558917"
          },
          "sensitive_attributes": [],
          "private": "bnVsbA==",
          "dependencies": [
            "github_team.teams"
          ]
        },
        {
          "index_key": "testrepoforapp_tracechimp",
          "schema_version": 0,
          "attributes": {
            "etag": "W/\"16412d31a83ecb560132b67064388a4e6570d9f999929848e91a908280280335\"",
            "id": "4973548:testrepoforapp",
            "permission": "maintain",
            "repository": "testrepoforapp",
            "team_id": "4973548"
          },
          "sensitive_attributes": [],
          "private": "bnVsbA==",
          "dependencies": [
            "github_team.teams"
          ]
        },
        {
          "index_key": "tracechimp-dev_admins",
          "schema_version": 0,
          "attributes": {
            "etag": "W/\"2c0e9bbb74785042e6f5c98c4d26e9fb5f7fff7e2a9c090bf5d518d4c7e0450e\"",
            "id": "3558917:tracechimp-dev",
            "permission": "admin",
            "repository": "tracechimp-dev",
            "team_id": "3558917"
          },
          "sensitive_attributes": [],
          "private": "bnVsbA==",
          "dependencies": [
            "github_team.teams"
          ]
        },
        {
          "index_key": "tracechimp-dev_tracechimp",
          "schema_version": 0,
          "attributes": {
            "etag": "W/\"9633282c12ccff18988596b109f3b52d5a1facee91b9b1996b410420821aca46\"",
            "id": "4973548:tracechimp-dev",
            "permission": "maintain",
            "repository": "tracechimp-dev",
            "team_id": "4973548"
          },
          "sensitive_attributes": [],
          "private": "bnVsbA==",
          "dependencies": [
            "github_team.teams"
          ]
        }
      ]
    },
    {
      "mode": "managed",
      "type": "gsuite_group",
      "name": "groups",
      "provider": "provider[\"registry.terraform.io/deviavir/gsuite\"]",
      "instances": [
        {
          "index_key": "gcp-billing-admins",
          "schema_version": 0,
          "attributes": {
            "admin_created": true,
            "aliases": [],
            "description": "GCP Billing Admins",
            "direct_members_count": 3,
            "email": "gcp-billing-admins@breu.io",
            "id": "041mghml42ngikc",
            "name": "gcp-billing-admins",
            "non_editable_aliases": []
          },
          "sensitive_attributes": [],
          "private": "bnVsbA=="
        },
        {
          "index_key": "team",
          "schema_version": 0,
          "attributes": {
            "admin_created": true,
            "aliases": [],
            "description": "A mailing address for team wide announcements",
            "direct_members_count": 13,
            "email": "team@breu.io",
            "id": "00xvir7l2wtbzwr",
            "name": "Breu.io Team",
            "non_editable_aliases": []
          },
          "sensitive_attributes": [],
          "private": "bnVsbA=="
        }
      ]
    },
    {
      "mode": "managed",
      "type": "gsuite_group_member",
      "name": "group_member",
      "provider": "provider[\"registry.terraform.io/deviavir/gsuite\"]",
      "instances": [
        {
          "index_key": "gcp-billing-admins_shan",
          "schema_version": 0,
          "attributes": {
            "email": "shan@breu.io",
            "etag": "\"UU7ZVXZP4ba7JkjgJfj1hAMrbEvzbxchfTG8hqR_ZdI/pgbkQtd5d2eSekzuyQXo-Cqn0jI\"",
            "group": "gcp-billing-admins@breu.io",
            "id": "117323215058348115833",
            "kind": "admin#directory#member",
            "role": "OWNER",
            "status": "ACTIVE",
            "type": "USER"
          },
          "sensitive_attributes": [],
          "private": "bnVsbA=="
        },
        {
          "index_key": "gcp-billing-admins_yousuf",
          "schema_version": 0,
          "attributes": {
            "email": "yousuf@breu.io",
            "etag": "\"UU7ZVXZP4ba7JkjgJfj1hAMrbEvzbxchfTG8hqR_ZdI/I2rWdb9WyT5I8spNn-hwKZ1dCMg\"",
            "group": "gcp-billing-admins@breu.io",
            "id": "110568137160487405840",
            "kind": "admin#directory#member",
            "role": "OWNER",
            "status": "ACTIVE",
            "type": "USER"
          },
          "sensitive_attributes": [],
          "private": "eyJzY2hlbWFfdmVyc2lvbiI6IjAifQ=="
        },
        {
          "index_key": "team_ahsan",
          "schema_version": 0,
          "attributes": {
            "email": "ahsan@breu.io",
            "etag": "\"UU7ZVXZP4ba7JkjgJfj1hAMrbEvzbxchfTG8hqR_ZdI/01i7gIiq29IObfUndU6eqSYPxt4\"",
            "group": "team@breu.io",
            "id": "101284764291707419941",
            "kind": "admin#directory#member",
            "role": "MEMBER",
            "status": "ACTIVE",
            "type": "USER"
          },
          "sensitive_attributes": [],
          "private": "bnVsbA=="
        },
        {
          "index_key": "team_auroob",
          "schema_version": 0,
          "attributes": {
            "email": "auroob@breu.io",
            "etag": "\"UU7ZVXZP4ba7JkjgJfj1hAMrbEvzbxchfTG8hqR_ZdI/D5ny7kF_Ss0bTChpl5chq7pOhUo\"",
            "group": "team@breu.io",
            "id": "113540074363709718793",
            "kind": "admin#directory#member",
            "role": "MEMBER",
            "status": "ACTIVE",
            "type": "USER"
          },
          "sensitive_attributes": [],
          "private": "bnVsbA=="
        },
        {
          "index_key": "team_awais",
          "schema_version": 0,
          "attributes": {
            "email": "awais@breu.io",
            "etag": "\"UU7ZVXZP4ba7JkjgJfj1hAMrbEvzbxchfTG8hqR_ZdI/tRnLwPql_sLbLmy45IPWDdDeJ8Y\"",
            "group": "team@breu.io",
            "id": "100777201721849022502",
            "kind": "admin#directory#member",
            "role": "MEMBER",
            "status": "ACTIVE",
            "type": "USER"
          },
          "sensitive_attributes": [],
          "private": "bnVsbA=="
        },
        {
          "index_key": "team_ghalib",
          "schema_version": 0,
          "attributes": {
            "email": "ghalib@breu.io",
            "etag": "\"UU7ZVXZP4ba7JkjgJfj1hAMrbEvzbxchfTG8hqR_ZdI/AAut71Wb-gExrqbUB3Ax1YCfxHs\"",
            "group": "team@breu.io",
            "id": "111704772761538857878",
            "kind": "admin#directory#member",
            "role": "MEMBER",
            "status": "ACTIVE",
            "type": "USER"
          },
          "sensitive_attributes": [],
          "private": "bnVsbA=="
        },
        {
          "index_key": "team_imran.badami",
          "schema_version": 0,
          "attributes": {
            "email": "imran.badami@breu.io",
            "etag": "\"UU7ZVXZP4ba7JkjgJfj1hAMrbEvzbxchfTG8hqR_ZdI/HyB0OK-Z8RMuKdmcOXKZ9H8KccI\"",
            "group": "team@breu.io",
            "id": "110427498758304448920",
            "kind": "admin#directory#member",
            "role": "MEMBER",
            "status": "ACTIVE",
            "type": "USER"
          },
          "sensitive_attributes": [],
          "private": "bnVsbA=="
        },
        {
          "index_key": "team_nabeel",
          "schema_version": 0,
          "attributes": {
            "email": "nasim@breu.io",
            "etag": "\"UU7ZVXZP4ba7JkjgJfj1hAMrbEvzbxchfTG8hqR_ZdI/2epiraW1z64yjnVmoWjEJf1YhjY\"",
            "group": "team@breu.io",
            "id": "102618563362249191909",
            "kind": "admin#directory#member",
            "role": "MEMBER",
            "status": "ACTIVE",
            "type": "USER"
          },
          "sensitive_attributes": [],
          "private": "bnVsbA=="
        },
        {
          "index_key": "team_noor.amir",
          "schema_version": 0,
          "attributes": {
            "email": "noor.amir@breu.io",
            "etag": "\"UU7ZVXZP4ba7JkjgJfj1hAMrbEvzbxchfTG8hqR_ZdI/FOYltGInlo0quwU3AwRYmaznCTI\"",
            "group": "team@breu.io",
            "id": "117257285369589765982",
            "kind": "admin#directory#member",
            "role": "MEMBER",
            "status": "ACTIVE",
            "type": "USER"
          },
          "sensitive_attributes": [],
          "private": "eyJzY2hlbWFfdmVyc2lvbiI6IjAifQ=="
        },
        {
          "index_key": "team_omer",
          "schema_version": 0,
          "attributes": {
            "email": "omer@breu.io",
            "etag": "\"UU7ZVXZP4ba7JkjgJfj1hAMrbEvzbxchfTG8hqR_ZdI/QAYuKzdw_BhT8u9GZT87w9a5KXI\"",
            "group": "team@breu.io",
            "id": "113630834254919845138",
            "kind": "admin#directory#member",
            "role": "MEMBER",
            "status": "ACTIVE",
            "type": "USER"
          },
          "sensitive_attributes": [],
          "private": "bnVsbA=="
        },
        {
          "index_key": "team_sajjad",
          "schema_version": 0,
          "attributes": {
            "email": "sajjad@breu.io",
            "etag": "\"UU7ZVXZP4ba7JkjgJfj1hAMrbEvzbxchfTG8hqR_ZdI/HpOQB4ud8xIvxtqYoLaawD4Eekg\"",
            "group": "team@breu.io",
            "id": "117555062182046045716",
            "kind": "admin#directory#member",
            "role": "MEMBER",
            "status": "ACTIVE",
            "type": "USER"
          },
          "sensitive_attributes": [],
          "private": "bnVsbA=="
        },
        {
          "index_key": "team_sauronil",
          "schema_version": 0,
          "attributes": {
            "email": "sauronil@breu.io",
            "etag": "\"UU7ZVXZP4ba7JkjgJfj1hAMrbEvzbxchfTG8hqR_ZdI/Ys_Nx7WolST8orw4VQMZ2IaF4vg\"",
            "group": "team@breu.io",
            "id": "103812011864435643683",
            "kind": "admin#directory#member",
            "role": "OWNER",
            "status": "ACTIVE",
            "type": "USER"
          },
          "sensitive_attributes": [],
          "private": "eyJzY2hlbWFfdmVyc2lvbiI6IjAifQ=="
        },
        {
          "index_key": "team_shan",
          "schema_version": 0,
          "attributes": {
            "email": "shan@breu.io",
            "etag": "\"UU7ZVXZP4ba7JkjgJfj1hAMrbEvzbxchfTG8hqR_ZdI/pgbkQtd5d2eSekzuyQXo-Cqn0jI\"",
            "group": "team@breu.io",
            "id": "117323215058348115833",
            "kind": "admin#directory#member",
            "role": "OWNER",
            "status": "ACTIVE",
            "type": "USER"
          },
          "sensitive_attributes": [],
          "private": "eyJzY2hlbWFfdmVyc2lvbiI6IjAifQ=="
        },
        {
          "index_key": "team_shehriyar.qureshi",
          "schema_version": 0,
          "attributes": {
            "email": "shehriyar.qureshi@breu.io",
            "etag": "\"UU7ZVXZP4ba7JkjgJfj1hAMrbEvzbxchfTG8hqR_ZdI/39gSV7-8GKGs2O0KUiTAzYo806g\"",
            "group": "team@breu.io",
            "id": "117798215570450147064",
            "kind": "admin#directory#member",
            "role": "MEMBER",
            "status": "ACTIVE",
            "type": "USER"
          },
          "sensitive_attributes": [],
          "private": "eyJzY2hlbWFfdmVyc2lvbiI6IjAifQ=="
        },
        {
          "index_key": "team_yousuf",
          "schema_version": 0,
          "attributes": {
            "email": "yousuf@breu.io",
            "etag": "\"UU7ZVXZP4ba7JkjgJfj1hAMrbEvzbxchfTG8hqR_ZdI/I2rWdb9WyT5I8spNn-hwKZ1dCMg\"",
            "group": "team@breu.io",
            "id": "110568137160487405840",
            "kind": "admin#directory#member",
            "role": "OWNER",
            "status": "ACTIVE",
            "type": "USER"
          },
          "sensitive_attributes": [],
          "private": "eyJzY2hlbWFfdmVyc2lvbiI6IjAifQ=="
        }
      ]
    },
    {
      "mode": "managed",
      "type": "gsuite_user",
      "name": "users",
      "provider": "provider[\"registry.terraform.io/deviavir/gsuite\"]",
      "instances": [
        {
          "index_key": "ahsan",
          "schema_version": 0,
          "attributes": {
            "2s_enforced": false,
            "2s_enrolled": false,
            "agreed_to_terms": null,
            "aliases": [],
            "creation_time": "2021-05-03T17:30:53.000Z",
            "custom_schema": [],
            "customer_id": "C00z5q9hc",
            "deletion_time": "",
            "etag": "\"UU7ZVXZP4ba7JkjgJfj1hAMrbEvzbxchfTG8hqR_ZdI/Gz9Wuq7oFozj-EgD4_AWbBHOMIE\"",
            "external_ids": [],
            "hash_function": null,
            "id": "101284764291707419941",
            "include_in_global_list": true,
            "is_admin": false,
            "is_delegated_admin": false,
            "is_ip_whitelisted": false,
            "is_mailbox_setup": true,
            "is_suspended": false,
            "last_login_time": "2021-07-14T14:06:42.000Z",
            "name": {
              "family_name": "Faruqui",
              "given_name": "Ahsan"
            },
            "org_unit_path": "/",
            "organizations": [],
            "password": null,
            "posix_accounts": [],
            "primary_email": "ahsan@breu.io",
            "recovery_email": "ahsan.faruqui198@gmail.com",
            "recovery_phone": "",
            "ssh_public_keys": [],
            "suspension_reason": "",
            "update_existing": null
          },
          "sensitive_attributes": [],
          "private": "bnVsbA=="
        },
        {
          "index_key": "auroob",
          "schema_version": 0,
          "attributes": {
            "2s_enforced": false,
            "2s_enrolled": false,
            "agreed_to_terms": null,
            "aliases": [],
            "creation_time": "2020-08-16T14:29:26.000Z",
            "custom_schema": [],
            "customer_id": "C00z5q9hc",
            "deletion_time": "",
            "etag": "\"UU7ZVXZP4ba7JkjgJfj1hAMrbEvzbxchfTG8hqR_ZdI/Vre2DSi2ba4BMFeAs1oF0TDSbK0\"",
            "external_ids": [],
            "hash_function": null,
            "id": "113540074363709718793",
            "include_in_global_list": true,
            "is_admin": false,
            "is_delegated_admin": false,
            "is_ip_whitelisted": false,
            "is_mailbox_setup": true,
            "is_suspended": false,
            "last_login_time": "2021-07-23T11:02:17.000Z",
            "name": {
              "family_name": "Toor",
              "given_name": "Auroob"
            },
            "org_unit_path": "/",
            "organizations": [],
            "password": null,
            "posix_accounts": [],
            "primary_email": "auroob@breu.io",
            "recovery_email": "auroobtoor98@gmail.com",
            "recovery_phone": "+923455190191",
            "ssh_public_keys": [],
            "suspension_reason": "",
            "update_existing": null
          },
          "sensitive_attributes": [],
          "private": "bnVsbA=="
        },
        {
          "index_key": "awais",
          "schema_version": 0,
          "attributes": {
            "2s_enforced": false,
            "2s_enrolled": false,
            "agreed_to_terms": null,
            "aliases": [],
            "creation_time": "2021-04-29T09:45:46.000Z",
            "custom_schema": [],
            "customer_id": "C00z5q9hc",
            "deletion_time": "",
            "etag": "\"UU7ZVXZP4ba7JkjgJfj1hAMrbEvzbxchfTG8hqR_ZdI/Pc9UmPKcYyTOodoZIXioFAZggLY\"",
            "external_ids": [],
            "hash_function": null,
            "id": "100777201721849022502",
            "include_in_global_list": true,
            "is_admin": false,
            "is_delegated_admin": false,
            "is_ip_whitelisted": false,
            "is_mailbox_setup": true,
            "is_suspended": false,
            "last_login_time": "2021-08-01T07:57:58.000Z",
            "name": {
              "family_name": "Khalid",
              "given_name": "Awais"
            },
            "org_unit_path": "/",
            "organizations": [],
            "password": null,
            "posix_accounts": [],
            "primary_email": "awais@breu.io",
            "recovery_email": "awais.khalid.awan@gmail.com",
            "recovery_phone": "+923315568661",
            "ssh_public_keys": [],
            "suspension_reason": "",
            "update_existing": null
          },
          "sensitive_attributes": [],
          "private": "bnVsbA=="
        },
        {
          "index_key": "ghalib",
          "schema_version": 0,
          "attributes": {
            "2s_enforced": false,
            "2s_enrolled": false,
            "agreed_to_terms": null,
            "aliases": [],
            "creation_time": "2021-05-27T08:51:31.000Z",
            "custom_schema": [],
            "customer_id": "C00z5q9hc",
            "deletion_time": "",
            "etag": "\"UU7ZVXZP4ba7JkjgJfj1hAMrbEvzbxchfTG8hqR_ZdI/D_UmcwfrSlk8Z4etuYZfdgZ2GSE\"",
            "external_ids": [],
            "hash_function": null,
            "id": "111704772761538857878",
            "include_in_global_list": true,
            "is_admin": false,
            "is_delegated_admin": false,
            "is_ip_whitelisted": false,
            "is_mailbox_setup": true,
            "is_suspended": false,
            "last_login_time": "2021-08-02T11:04:41.000Z",
            "name": {
              "family_name": "Bajwa",
              "given_name": "Ghalib"
            },
            "org_unit_path": "/",
            "organizations": [],
            "password": null,
            "posix_accounts": [],
            "primary_email": "ghalib@breu.io",
            "recovery_email": "ghalibs911@gmail.com",
            "recovery_phone": "",
            "ssh_public_keys": [],
            "suspension_reason": "",
            "update_existing": null
          },
          "sensitive_attributes": [],
          "private": "bnVsbA=="
        },
        {
          "index_key": "imran.badami",
          "schema_version": 0,
          "attributes": {
            "2s_enforced": false,
            "2s_enrolled": false,
            "agreed_to_terms": null,
            "aliases": [],
            "creation_time": "2020-11-25T16:06:17.000Z",
            "custom_schema": [],
            "customer_id": "C00z5q9hc",
            "deletion_time": "",
            "etag": "\"UU7ZVXZP4ba7JkjgJfj1hAMrbEvzbxchfTG8hqR_ZdI/OCeyT1pQwRtTQy-xD8KeOsyjOu4\"",
            "external_ids": [],
            "hash_function": null,
            "id": "110427498758304448920",
            "include_in_global_list": true,
            "is_admin": false,
            "is_delegated_admin": false,
            "is_ip_whitelisted": false,
            "is_mailbox_setup": true,
            "is_suspended": false,
            "last_login_time": "2021-06-08T05:34:04.000Z",
            "name": {
              "family_name": "Badami",
              "given_name": "Imran"
            },
            "org_unit_path": "/",
            "organizations": [],
            "password": null,
            "posix_accounts": [],
            "primary_email": "imran.badami@breu.io",
            "recovery_email": "",
            "recovery_phone": "",
            "ssh_public_keys": [],
            "suspension_reason": "",
            "update_existing": null
          },
          "sensitive_attributes": [],
          "private": "bnVsbA=="
        },
        {
          "index_key": "nabeel",
          "schema_version": 0,
          "attributes": {
            "2s_enforced": false,
            "2s_enrolled": false,
            "agreed_to_terms": null,
            "aliases": [],
            "creation_time": "2019-11-24T04:54:34.000Z",
            "custom_schema": [],
            "customer_id": "C00z5q9hc",
            "deletion_time": "",
            "etag": "\"UU7ZVXZP4ba7JkjgJfj1hAMrbEvzbxchfTG8hqR_ZdI/blCM_9Po_aWnymmYTAObE9vYzpw\"",
            "external_ids": [],
            "hash_function": null,
            "id": "102618563362249191909",
            "include_in_global_list": true,
            "is_admin": true,
            "is_delegated_admin": false,
            "is_ip_whitelisted": false,
            "is_mailbox_setup": true,
            "is_suspended": false,
            "last_login_time": "2021-08-03T00:52:01.000Z",
            "name": {
              "family_name": "Asim",
              "given_name": "Nabeel"
            },
            "org_unit_path": "/",
            "organizations": [],
            "password": null,
            "posix_accounts": [],
            "primary_email": "nasim@breu.io",
            "recovery_email": "",
            "recovery_phone": "",
            "ssh_public_keys": [],
            "suspension_reason": "",
            "update_existing": null
          },
          "sensitive_attributes": [],
          "private": "bnVsbA=="
        },
        {
          "index_key": "noor.amir",
          "schema_version": 0,
          "attributes": {
            "2s_enforced": false,
            "2s_enrolled": false,
            "agreed_to_terms": null,
            "aliases": [],
            "creation_time": "2021-06-27T08:20:47.000Z",
            "custom_schema": [],
            "customer_id": "C00z5q9hc",
            "deletion_time": "",
            "etag": "\"UU7ZVXZP4ba7JkjgJfj1hAMrbEvzbxchfTG8hqR_ZdI/jklza5Z8ln4RZyKawNuMZv9ie3o\"",
            "external_ids": [],
            "hash_function": null,
            "id": "117257285369589765982",
            "include_in_global_list": true,
            "is_admin": false,
            "is_delegated_admin": false,
            "is_ip_whitelisted": false,
            "is_mailbox_setup": true,
            "is_suspended": false,
            "last_login_time": "2021-08-01T14:57:45.000Z",
            "name": {
              "family_name": "Bint-e-Amir",
              "given_name": "Noor"
            },
            "org_unit_path": "/",
            "organizations": [],
            "password": null,
            "posix_accounts": [],
            "primary_email": "noor.amir@breu.io",
            "recovery_email": "noor.binte.amir@gmail.com",
            "recovery_phone": "",
            "ssh_public_keys": [],
            "suspension_reason": "",
            "update_existing": null
          },
          "sensitive_attributes": [],
          "private": "eyJzY2hlbWFfdmVyc2lvbiI6IjAifQ=="
        },
        {
          "index_key": "omer",
          "schema_version": 0,
          "attributes": {
            "2s_enforced": false,
            "2s_enrolled": false,
            "agreed_to_terms": null,
            "aliases": [],
            "creation_time": "2021-02-18T19:48:19.000Z",
            "custom_schema": [],
            "customer_id": "C00z5q9hc",
            "deletion_time": "",
            "etag": "\"UU7ZVXZP4ba7JkjgJfj1hAMrbEvzbxchfTG8hqR_ZdI/qh2GfH1NQZhx5j-KAGh9skEAk3M\"",
            "external_ids": [],
            "hash_function": null,
            "id": "113630834254919845138",
            "include_in_global_list": true,
            "is_admin": false,
            "is_delegated_admin": false,
            "is_ip_whitelisted": false,
            "is_mailbox_setup": true,
            "is_suspended": false,
            "last_login_time": "2021-07-09T11:18:04.000Z",
            "name": {
              "family_name": "Majeed",
              "given_name": "Omer"
            },
            "org_unit_path": "/",
            "organizations": [],
            "password": null,
            "posix_accounts": [],
            "primary_email": "omer@breu.io",
            "recovery_email": "omer.majeed734@gmail.com",
            "recovery_phone": "",
            "ssh_public_keys": [],
            "suspension_reason": "",
            "update_existing": null
          },
          "sensitive_attributes": [],
          "private": "bnVsbA=="
        },
        {
          "index_key": "sajjad",
          "schema_version": 0,
          "attributes": {
            "2s_enforced": false,
            "2s_enrolled": false,
            "agreed_to_terms": null,
            "aliases": [],
            "creation_time": "2020-10-14T07:12:11.000Z",
            "custom_schema": [],
            "customer_id": "C00z5q9hc",
            "deletion_time": "",
            "etag": "\"UU7ZVXZP4ba7JkjgJfj1hAMrbEvzbxchfTG8hqR_ZdI/g_UU2pQ3GFrN3p6aqTPVaLytUbg\"",
            "external_ids": [],
            "hash_function": null,
            "id": "117555062182046045716",
            "include_in_global_list": true,
            "is_admin": false,
            "is_delegated_admin": false,
            "is_ip_whitelisted": false,
            "is_mailbox_setup": true,
            "is_suspended": false,
            "last_login_time": "2021-06-15T14:10:59.000Z",
            "name": {
              "family_name": "Hussain",
              "given_name": "Sajjad"
            },
            "org_unit_path": "/",
            "organizations": [],
            "password": null,
            "posix_accounts": [],
            "primary_email": "sajjad@breu.io",
            "recovery_email": "sajjad.sit@gmail.com",
            "recovery_phone": "",
            "ssh_public_keys": [],
            "suspension_reason": "",
            "update_existing": null
          },
          "sensitive_attributes": [],
          "private": "bnVsbA=="
        },
        {
          "index_key": "sauronil",
          "schema_version": 0,
          "attributes": {
            "2s_enforced": false,
            "2s_enrolled": false,
            "agreed_to_terms": null,
            "aliases": [],
            "creation_time": "2021-06-07T07:25:03.000Z",
            "custom_schema": [],
            "customer_id": "C00z5q9hc",
            "deletion_time": "",
            "etag": "\"UU7ZVXZP4ba7JkjgJfj1hAMrbEvzbxchfTG8hqR_ZdI/uUDU23LlUCUREdHritQMjCprX84\"",
            "external_ids": [],
            "hash_function": null,
            "id": "103812011864435643683",
            "include_in_global_list": true,
            "is_admin": true,
            "is_delegated_admin": false,
            "is_ip_whitelisted": false,
            "is_mailbox_setup": true,
            "is_suspended": false,
            "last_login_time": "2021-08-03T15:39:20.000Z",
            "name": {
              "family_name": "Das",
              "given_name": "Sauronil"
            },
            "org_unit_path": "/",
            "organizations": [],
            "password": null,
            "posix_accounts": [],
            "primary_email": "sauronil@breu.io",
            "recovery_email": "sauronildas@protonmail.com",
            "recovery_phone": "",
            "ssh_public_keys": [],
            "suspension_reason": "",
            "update_existing": null
          },
          "sensitive_attributes": [],
          "private": "bnVsbA=="
        },
        {
          "index_key": "shan",
          "schema_version": 0,
          "attributes": {
            "2s_enforced": false,
            "2s_enrolled": false,
            "agreed_to_terms": null,
            "aliases": [],
            "creation_time": "2021-04-06T11:20:59.000Z",
            "custom_schema": [],
            "customer_id": "C00z5q9hc",
            "deletion_time": "",
            "etag": "\"UU7ZVXZP4ba7JkjgJfj1hAMrbEvzbxchfTG8hqR_ZdI/PY_B3JUEWXgrbwM0IfhvrBZI2EQ\"",
            "external_ids": [],
            "hash_function": null,
            "id": "117323215058348115833",
            "include_in_global_list": true,
            "is_admin": true,
            "is_delegated_admin": false,
            "is_ip_whitelisted": false,
            "is_mailbox_setup": true,
            "is_suspended": false,
            "last_login_time": "2021-08-02T20:45:50.000Z",
            "name": {
              "family_name": "Raza",
              "given_name": "Shan"
            },
            "org_unit_path": "/",
            "organizations": [],
            "password": null,
            "posix_accounts": [],
            "primary_email": "shan@breu.io",
            "recovery_email": "shanbaloch7@gmail.com",
            "recovery_phone": "",
            "ssh_public_keys": [],
            "suspension_reason": "",
            "update_existing": null
          },
          "sensitive_attributes": [],
          "private": "bnVsbA=="
        },
        {
          "index_key": "shehriyar.qureshi",
          "schema_version": 0,
          "attributes": {
            "2s_enforced": false,
            "2s_enrolled": false,
            "agreed_to_terms": null,
            "aliases": [
              "m.shehriyar@pk.breu.io"
            ],
            "creation_time": "2020-04-08T10:22:42.000Z",
            "custom_schema": [],
            "customer_id": "C00z5q9hc",
            "deletion_time": "",
            "etag": "\"UU7ZVXZP4ba7JkjgJfj1hAMrbEvzbxchfTG8hqR_ZdI/g2MypjM0fJPmU9H9cMXstjUCdO0\"",
            "external_ids": [],
            "hash_function": null,
            "id": "117798215570450147064",
            "include_in_global_list": true,
            "is_admin": true,
            "is_delegated_admin": false,
            "is_ip_whitelisted": false,
            "is_mailbox_setup": true,
            "is_suspended": false,
            "last_login_time": "2021-07-27T04:58:55.000Z",
            "name": {
              "family_name": "Qureshi",
              "given_name": "Shehriyar"
            },
            "org_unit_path": "/",
            "organizations": [],
            "password": null,
            "posix_accounts": [],
            "primary_email": "shehriyar.qureshi@breu.io",
            "recovery_email": "thatdevsherry@gmail.com",
            "recovery_phone": "+923096194332",
            "ssh_public_keys": [],
            "suspension_reason": "",
            "update_existing": null
          },
          "sensitive_attributes": [],
          "private": "bnVsbA=="
        },
        {
          "index_key": "yousuf",
          "schema_version": 0,
          "attributes": {
            "2s_enforced": false,
            "2s_enrolled": false,
            "agreed_to_terms": null,
            "aliases": [
              "jay@breu.io"
            ],
            "creation_time": "2019-11-24T04:25:58.000Z",
            "custom_schema": [],
            "customer_id": "C00z5q9hc",
            "deletion_time": "",
            "etag": "\"UU7ZVXZP4ba7JkjgJfj1hAMrbEvzbxchfTG8hqR_ZdI/LSCPBKR5XTlJDnhr4XvuASO01uo\"",
            "external_ids": [],
            "hash_function": null,
            "id": "110568137160487405840",
            "include_in_global_list": true,
            "is_admin": true,
            "is_delegated_admin": false,
            "is_ip_whitelisted": false,
            "is_mailbox_setup": true,
            "is_suspended": false,
            "last_login_time": "2021-08-05T21:32:55.000Z",
            "name": {
              "family_name": "Jawwad",
              "given_name": "Yousuf"
            },
            "org_unit_path": "/",
            "organizations": [],
            "password": null,
            "posix_accounts": [],
            "primary_email": "yousuf@breu.io",
            "recovery_email": "yousuf.jawwad@gmail.com",
            "recovery_phone": "",
            "ssh_public_keys": [],
            "suspension_reason": "",
            "update_existing": null
          },
          "sensitive_attributes": [],
          "private": "eyJzY2hlbWFfdmVyc2lvbiI6IjAifQ=="
        }
      ]
    }
  ]
}
