{
  "version": 4,
  "terraform_version": "1.1.7",
  "serial": 519,
  "lineage": "40800bc3-2dba-d350-4f1d-4a2b45d877cf",
  "outputs": {},
  "resources": [
    {
      "mode": "managed",
      "type": "github_repository",
      "name": "repos",
      "provider": "provider[\"registry.terraform.io/integrations/github\"]",
      "instances": [
        {
          "index_key": "automatic",
          "schema_version": 0,
          "attributes": {
            "allow_auto_merge": false,
            "allow_merge_commit": true,
            "allow_rebase_merge": true,
            "allow_squash_merge": true,
            "archive_on_destroy": null,
            "archived": false,
            "auto_init": false,
            "branches": null,
            "default_branch": "main",
            "delete_branch_on_merge": false,
            "description": "We are going to automate the world - Nash",
            "etag": "W/\"194df5818af30e3ffd18166967adcaaafc814d8e76c7bbb08bed10d1e58ae505\"",
            "full_name": "breuHQ/automatic",
            "git_clone_url": "git://github.com/breuHQ/automatic.git",
            "gitignore_template": null,
            "has_downloads": true,
            "has_issues": true,
            "has_projects": false,
            "has_wiki": false,
            "homepage_url": "",
            "html_url": "https://github.com/breuHQ/automatic",
            "http_clone_url": "https://github.com/breuHQ/automatic.git",
            "id": "automatic",
            "ignore_vulnerability_alerts_during_read": null,
            "is_template": false,
            "license_template": null,
            "name": "automatic",
            "node_id": "MDEwOlJlcG9zaXRvcnkzNjUwNzcwNjk=",
            "pages": [],
            "private": true,
            "repo_id": 365077069,
            "ssh_clone_url": "git@github.com:breuHQ/automatic.git",
            "svn_url": "https://github.com/breuHQ/automatic",
            "template": [],
            "topics": [
              "integry"
            ],
            "visibility": "private",
            "vulnerability_alerts": false
          },
          "sensitive_attributes": [],
          "private": "bnVsbA=="
        },
        {
          "index_key": "governance",
          "schema_version": 0,
          "attributes": {
            "allow_auto_merge": false,
            "allow_merge_commit": true,
            "allow_rebase_merge": true,
            "allow_squash_merge": true,
            "archive_on_destroy": null,
            "archived": false,
            "auto_init": false,
            "branches": null,
            "default_branch": "main",
            "delete_branch_on_merge": false,
            "description": "Breu's IAM governance as code",
            "etag": "W/\"ddcbdd9b84124081f4252b11c67fb7cf7a1c34a33bf62d444016397da1860c8e\"",
            "full_name": "breuHQ/governance",
            "git_clone_url": "git://github.com/breuHQ/governance.git",
            "gitignore_template": null,
            "has_downloads": false,
            "has_issues": false,
            "has_projects": false,
            "has_wiki": false,
            "homepage_url": "",
            "html_url": "https://github.com/breuHQ/governance",
            "http_clone_url": "https://github.com/breuHQ/governance.git",
            "id": "governance",
            "ignore_vulnerability_alerts_during_read": null,
            "is_template": false,
            "license_template": null,
            "name": "governance",
            "node_id": "MDEwOlJlcG9zaXRvcnkzNzU0MzY5MDQ=",
            "pages": [],
            "private": true,
            "repo_id": 375436904,
            "ssh_clone_url": "git@github.com:breuHQ/governance.git",
            "svn_url": "https://github.com/breuHQ/governance",
            "template": [],
            "topics": [
              "breu",
              "internal"
            ],
            "visibility": "private",
            "vulnerability_alerts": false
          },
          "sensitive_attributes": [],
          "private": "bnVsbA=="
        },
        {
          "index_key": "hd-backstage",
          "schema_version": 0,
          "attributes": {
            "allow_auto_merge": false,
            "allow_merge_commit": true,
            "allow_rebase_merge": true,
            "allow_squash_merge": true,
            "archive_on_destroy": null,
            "archived": false,
            "auto_init": null,
            "branches": null,
            "default_branch": "main",
            "delete_branch_on_merge": false,
            "description": "Backstage for HD",
            "etag": "W/\"a96d5a62b153df28f27bcb9c23df92c706312b099986c2127ce53392ea304632\"",
            "full_name": "breuHQ/hd-backstage",
            "git_clone_url": "git://github.com/breuHQ/hd-backstage.git",
            "gitignore_template": null,
            "has_downloads": true,
            "has_issues": true,
            "has_projects": false,
            "has_wiki": false,
            "homepage_url": "",
            "html_url": "https://github.com/breuHQ/hd-backstage",
            "http_clone_url": "https://github.com/breuHQ/hd-backstage.git",
            "id": "hd-backstage",
            "ignore_vulnerability_alerts_during_read": null,
            "is_template": false,
            "license_template": null,
            "name": "hd-backstage",
            "node_id": "R_kgDOGezGdQ",
            "pages": [],
            "private": false,
            "repo_id": 434947701,
            "ssh_clone_url": "git@github.com:breuHQ/hd-backstage.git",
            "svn_url": "https://github.com/breuHQ/hd-backstage",
            "template": [],
            "topics": [
              "backstage"
            ],
            "visibility": "public",
            "vulnerability_alerts": false
          },
          "sensitive_attributes": [],
          "private": "bnVsbA=="
        },
        {
          "index_key": "infra",
          "schema_version": 0,
          "attributes": {
            "allow_auto_merge": false,
            "allow_merge_commit": true,
            "allow_rebase_merge": true,
            "allow_squash_merge": true,
            "archive_on_destroy": null,
            "archived": false,
            "auto_init": null,
            "branches": null,
            "default_branch": "main",
            "delete_branch_on_merge": false,
            "description": "IaC for Breu. Setsup Breu as a startup incubator.",
            "etag": "W/\"35815b9e67817ec53c1f5a536b1adb2e6abdcb39c32b7486a1ee15ddd649ee29\"",
            "full_name": "breuHQ/infra",
            "git_clone_url": "git://github.com/breuHQ/infra.git",
            "gitignore_template": null,
            "has_downloads": true,
            "has_issues": true,
            "has_projects": false,
            "has_wiki": false,
            "homepage_url": "",
            "html_url": "https://github.com/breuHQ/infra",
            "http_clone_url": "https://github.com/breuHQ/infra.git",
            "id": "infra",
            "ignore_vulnerability_alerts_during_read": null,
            "is_template": false,
            "license_template": null,
            "name": "infra",
            "node_id": "MDEwOlJlcG9zaXRvcnkzODY3ODQ1OTU=",
            "pages": [],
            "private": false,
            "repo_id": 386784595,
            "ssh_clone_url": "git@github.com:breuHQ/infra.git",
            "svn_url": "https://github.com/breuHQ/infra",
            "template": [],
            "topics": [
              "breu",
              "infra",
              "internal"
            ],
            "visibility": "public",
            "vulnerability_alerts": false
          },
          "sensitive_attributes": [],
          "private": "bnVsbA=="
        },
        {
          "index_key": "integry-infra",
          "schema_version": 0,
          "attributes": {
            "allow_auto_merge": false,
            "allow_merge_commit": true,
            "allow_rebase_merge": true,
            "allow_squash_merge": true,
            "archive_on_destroy": null,
            "archived": false,
            "auto_init": false,
            "branches": null,
            "default_branch": "main",
            "delete_branch_on_merge": false,
            "description": "IaC for integry.io",
            "etag": "W/\"3a5cdbb47529130d2e7117594b50427f49c8bb896b6ef8674f1b0430b5468655\"",
            "full_name": "breuHQ/integry-infra",
            "git_clone_url": "git://github.com/breuHQ/integry-infra.git",
            "gitignore_template": null,
            "has_downloads": true,
            "has_issues": true,
            "has_projects": false,
            "has_wiki": false,
            "homepage_url": "",
            "html_url": "https://github.com/breuHQ/integry-infra",
            "http_clone_url": "https://github.com/breuHQ/integry-infra.git",
            "id": "integry-infra",
            "ignore_vulnerability_alerts_during_read": null,
            "is_template": false,
            "license_template": null,
            "name": "integry-infra",
            "node_id": "MDEwOlJlcG9zaXRvcnkzODEzNDE3MTM=",
            "pages": [],
            "private": true,
            "repo_id": 381341713,
            "ssh_clone_url": "git@github.com:breuHQ/integry-infra.git",
            "svn_url": "https://github.com/breuHQ/integry-infra",
            "template": [],
            "topics": [
              "infra",
              "integry"
            ],
            "visibility": "private",
            "vulnerability_alerts": false
          },
          "sensitive_attributes": [],
          "private": "bnVsbA=="
        },
        {
          "index_key": "tracechimp-dev",
          "schema_version": 0,
          "attributes": {
            "allow_auto_merge": false,
            "allow_merge_commit": true,
            "allow_rebase_merge": true,
            "allow_squash_merge": true,
            "archive_on_destroy": null,
            "archived": false,
            "auto_init": false,
            "branches": null,
            "default_branch": "main",
            "delete_branch_on_merge": false,
            "description": "All the experiments before we write production code",
            "etag": "W/\"18edc9a7028725f60bc0de4893b7b7c69110baa3bef09c1156fe07e02b72c54c\"",
            "full_name": "breuHQ/tracechimp-dev",
            "git_clone_url": "git://github.com/breuHQ/tracechimp-dev.git",
            "gitignore_template": null,
            "has_downloads": true,
            "has_issues": true,
            "has_projects": false,
            "has_wiki": false,
            "homepage_url": "",
            "html_url": "https://github.com/breuHQ/tracechimp-dev",
            "http_clone_url": "https://github.com/breuHQ/tracechimp-dev.git",
            "id": "tracechimp-dev",
            "ignore_vulnerability_alerts_during_read": null,
            "is_template": false,
            "license_template": null,
            "name": "tracechimp-dev",
            "node_id": "MDEwOlJlcG9zaXRvcnkzODI3OTE2Mzk=",
            "pages": [],
            "private": true,
            "repo_id": 382791639,
            "ssh_clone_url": "git@github.com:breuHQ/tracechimp-dev.git",
            "svn_url": "https://github.com/breuHQ/tracechimp-dev",
            "template": [],
            "topics": [
              "tracechimp"
            ],
            "visibility": "private",
            "vulnerability_alerts": false
          },
          "sensitive_attributes": [],
          "private": "bnVsbA=="
        }
      ]
    },
    {
      "mode": "managed",
      "type": "github_team",
      "name": "teams",
      "provider": "provider[\"registry.terraform.io/integrations/github\"]",
      "instances": [
        {
          "index_key": "admins",
          "schema_version": 0,
          "attributes": {
            "create_default_maintainer": false,
            "description": "breuHQ github admins",
            "etag": "W/\"414ed4a1e79213af05d4507c10a379c5f43278319f9c75d25fd447bbdcaabf38\"",
            "id": "3558917",
            "ldap_dn": "",
            "members_count": 1,
            "name": "admins",
            "node_id": "MDQ6VGVhbTM1NTg5MTc=",
            "parent_team_id": null,
            "privacy": "secret",
            "slug": "admins"
          },
          "sensitive_attributes": [],
          "private": "bnVsbA=="
        },
        {
          "index_key": "devs",
          "schema_version": 0,
          "attributes": {
            "create_default_maintainer": false,
            "description": "all developers @breu.io",
            "etag": "W/\"9bf668d2223960159ff12889619f5ff30629af115d74abe4718297c197853dcd\"",
            "id": "4903898",
            "ldap_dn": "",
            "members_count": 1,
            "name": "devs",
            "node_id": "MDQ6VGVhbTQ5MDM4OTg=",
            "parent_team_id": null,
            "privacy": "secret",
            "slug": "devs"
          },
          "sensitive_attributes": [],
          "private": "bnVsbA=="
        },
        {
          "index_key": "hd-digital",
          "schema_version": 0,
          "attributes": {
            "create_default_maintainer": false,
            "description": "Breu \u003c\u003e HD",
            "etag": "W/\"c76e4c7b1f14332d4880637788796d7c98e415bc69f37f1727a3d355ba6b31ea\"",
            "id": "5443399",
            "ldap_dn": "",
            "members_count": 3,
            "name": "hd-digital",
            "node_id": "T_kwDOA2kWeM4AUw9H",
            "parent_team_id": null,
            "privacy": "secret",
            "slug": "hd-digital"
          },
          "sensitive_attributes": [],
          "private": "bnVsbA=="
        },
        {
          "index_key": "integry",
          "schema_version": 0,
          "attributes": {
            "create_default_maintainer": false,
            "description": "integry.io project team",
            "etag": "W/\"e4115a4548c0ad84fc4841f89959764e2759763c25e82aef854283c9236cd5a7\"",
            "id": "4829325",
            "ldap_dn": "",
            "members_count": 2,
            "name": "integry",
            "node_id": "MDQ6VGVhbTQ4MjkzMjU=",
            "parent_team_id": null,
            "privacy": "secret",
            "slug": "integry"
          },
          "sensitive_attributes": [],
          "private": "bnVsbA=="
        },
        {
          "index_key": "slogr",
          "schema_version": 0,
          "attributes": {
            "create_default_maintainer": false,
            "description": "slogr.io team",
            "etag": "W/\"431c429fe831e160329c9e871204cefbe343cee2d8c140bb692a4108e233c47f\"",
            "id": "4829346",
            "ldap_dn": "",
            "members_count": 2,
            "name": "slogr",
            "node_id": "MDQ6VGVhbTQ4MjkzNDY=",
            "parent_team_id": null,
            "privacy": "secret",
            "slug": "slogr"
          },
          "sensitive_attributes": [],
          "private": "bnVsbA=="
        },
        {
          "index_key": "tracechimp",
          "schema_version": 0,
          "attributes": {
            "create_default_maintainer": false,
            "description": "tracechimp.io team",
            "etag": "W/\"23eba1bfde914ca00c967a9d76d147d39695f11dc03634ceba7bb6d60056f49a\"",
            "id": "4973548",
            "ldap_dn": "",
            "members_count": 0,
            "name": "tracechimp",
            "node_id": "T_kwDOA2kWeM4AS-Ps",
            "parent_team_id": null,
            "privacy": "secret",
            "slug": "tracechimp"
          },
          "sensitive_attributes": [],
          "private": "bnVsbA=="
        }
      ]
    },
    {
      "mode": "managed",
      "type": "github_team_membership",
      "name": "team_memberships",
      "provider": "provider[\"registry.terraform.io/integrations/github\"]",
      "instances": [
        {
          "index_key": "admins_debuggerpk",
          "schema_version": 0,
          "attributes": {
            "etag": "W/\"7f61ffe8317c9adb5a263c90dd4c1a46f66d7fa9f78a25ea6d17da11350736ff\"",
            "id": "3558917:debuggerpk",
            "role": "maintainer",
            "team_id": "3558917",
            "username": "debuggerpk"
          },
          "sensitive_attributes": [],
          "private": "eyJzY2hlbWFfdmVyc2lvbiI6IjAifQ==",
          "dependencies": [
            "github_team.teams"
          ]
        },
        {
          "index_key": "slogr_auroobahmad",
          "schema_version": 0,
          "attributes": {
            "etag": "W/\"b859ff168277cd2452b2b297e34be8c6ac066f7ffdda6ec5d3e20d9b8a434e94\"",
            "id": "4829346:auroobahmad",
            "role": "member",
            "team_id": "4829346",
            "username": "auroobahmad"
          },
          "sensitive_attributes": [],
          "private": "bnVsbA==",
          "dependencies": [
            "github_team.teams"
          ]
        }
      ]
    },
    {
      "mode": "managed",
      "type": "github_team_repository",
      "name": "team_repos",
      "provider": "provider[\"registry.terraform.io/integrations/github\"]",
      "instances": [
        {
          "index_key": "automatic_admins",
          "schema_version": 0,
          "attributes": {
            "etag": "W/\"4cfc5b3c0a791f42b825b94a52dea1f891731ba623d697e6ff98fd1eb523622b\"",
            "id": "3558917:automatic",
            "permission": "admin",
            "repository": "automatic",
            "team_id": "3558917"
          },
          "sensitive_attributes": [],
          "private": "bnVsbA==",
          "dependencies": [
            "github_team.teams"
          ]
        },
        {
          "index_key": "automatic_integry",
          "schema_version": 0,
          "attributes": {
            "etag": "W/\"b0fe35817836d2864a343e97fe4774731dce3967a3ca3a6d25940ae2ec7e3d9f\"",
            "id": "4829325:automatic",
            "permission": "maintain",
            "repository": "automatic",
            "team_id": "4829325"
          },
          "sensitive_attributes": [],
          "private": "bnVsbA==",
          "dependencies": [
            "github_team.teams"
          ]
        },
        {
          "index_key": "governance_admins",
          "schema_version": 0,
          "attributes": {
            "etag": "W/\"14867f67a93846d594a99c0983cd135c4f3616825b00b9bf48d4da2594c03277\"",
            "id": "3558917:governance",
            "permission": "admin",
            "repository": "governance",
            "team_id": "3558917"
          },
          "sensitive_attributes": [],
          "private": "bnVsbA==",
          "dependencies": [
            "github_team.teams"
          ]
        },
        {
          "index_key": "hd-backstage_admins",
          "schema_version": 0,
          "attributes": {
            "etag": "W/\"10cd56e2f67e1a5d6460688f372f9fa7c80049e89f49c17613844667f210a95d\"",
            "id": "3558917:hd-backstage",
            "permission": "admin",
            "repository": "hd-backstage",
            "team_id": "3558917"
          },
          "sensitive_attributes": [],
          "private": "bnVsbA==",
          "dependencies": [
            "github_team.teams"
          ]
        },
        {
          "index_key": "hd-backstage_hd-digital",
          "schema_version": 0,
          "attributes": {
            "etag": "W/\"d96983f3db7a2fe2816586f9b5fac267ede2f5ed53d0e92da18656a52c8caa06\"",
            "id": "5443399:hd-backstage",
            "permission": "maintain",
            "repository": "hd-backstage",
            "team_id": "5443399"
          },
          "sensitive_attributes": [],
          "private": "bnVsbA==",
          "dependencies": [
            "github_team.teams"
          ]
        },
        {
          "index_key": "infra_admins",
          "schema_version": 0,
          "attributes": {
            "etag": "W/\"35a87031a606df0494bf0ee5c043714fbd7f137397881e4320ee166536e3ade9\"",
            "id": "3558917:infra",
            "permission": "admin",
            "repository": "infra",
            "team_id": "3558917"
          },
          "sensitive_attributes": [],
          "private": "bnVsbA==",
          "dependencies": [
            "github_team.teams"
          ]
        },
        {
          "index_key": "integry-infra_admins",
          "schema_version": 0,
          "attributes": {
            "etag": "W/\"b507f28c3b2a8f0b1c8f2b0ac983af5cc6114ebc196735913c2a2f300b9f52b0\"",
            "id": "3558917:integry-infra",
            "permission": "admin",
            "repository": "integry-infra",
            "team_id": "3558917"
          },
          "sensitive_attributes": [],
          "private": "bnVsbA==",
          "dependencies": [
            "github_team.teams"
          ]
        },
        {
          "index_key": "integry-infra_integry",
          "schema_version": 0,
          "attributes": {
            "etag": "W/\"3f8561c7f5f0ceab3a53da194c046cec304ceded97b8fe48a509bc9ad6fbd718\"",
            "id": "4829325:integry-infra",
            "permission": "maintain",
            "repository": "integry-infra",
            "team_id": "4829325"
          },
          "sensitive_attributes": [],
          "private": "bnVsbA==",
          "dependencies": [
            "github_team.teams"
          ]
        },
        {
          "index_key": "tracechimp-dev_admins",
          "schema_version": 0,
          "attributes": {
            "etag": "W/\"53e165f29f1678b1593aed9292ec4083c12ffeef419cf046db75c568b57780aa\"",
            "id": "3558917:tracechimp-dev",
            "permission": "admin",
            "repository": "tracechimp-dev",
            "team_id": "3558917"
          },
          "sensitive_attributes": [],
          "private": "bnVsbA==",
          "dependencies": [
            "github_team.teams"
          ]
        },
        {
          "index_key": "tracechimp-dev_tracechimp",
          "schema_version": 0,
          "attributes": {
            "etag": "W/\"c05aaa9fb42000cffe9faba91377216deb586c67855bb345319ccd2158b600d8\"",
            "id": "4973548:tracechimp-dev",
            "permission": "maintain",
            "repository": "tracechimp-dev",
            "team_id": "4973548"
          },
          "sensitive_attributes": [],
          "private": "bnVsbA==",
          "dependencies": [
            "github_team.teams"
          ]
        }
      ]
    },
    {
      "mode": "managed",
      "type": "googleworkspace_group",
      "name": "groups",
      "provider": "provider[\"registry.terraform.io/hashicorp/googleworkspace\"]",
      "instances": [
        {
          "index_key": "fin",
          "schema_version": 0,
          "attributes": {
            "admin_created": true,
            "aliases": [],
            "description": "Finance Breu.io",
            "direct_members_count": 1,
            "email": "fin@breu.io",
            "etag": "\"0Gsen51N5R4F9HqJd4orBtsS9tovxg64orHsRiegiVY/6TGZ1pqHBJuAL10L4O_41IH6LNI\"",
            "id": "032hioqz12rqejl",
            "name": "Finance",
            "non_editable_aliases": [],
            "timeouts": {
              "create": null,
              "update": null
            }
          },
          "sensitive_attributes": [],
          "private": "eyJlMmJmYjczMC1lY2FhLTExZTYtOGY4OC0zNDM2M2JjN2M0YzAiOnsiY3JlYXRlIjo2MDAwMDAwMDAwMDAsInVwZGF0ZSI6NjAwMDAwMDAwMDAwfSwic2NoZW1hX3ZlcnNpb24iOiIwIn0="
        },
        {
          "index_key": "gcp-billing-admins",
          "schema_version": 0,
          "attributes": {
            "admin_created": true,
            "aliases": [],
            "description": "GCP Billing Admins",
            "direct_members_count": 1,
            "email": "gcp-billing-admins@breu.io",
            "etag": "\"0Gsen51N5R4F9HqJd4orBtsS9tovxg64orHsRiegiVY/OdVeHl69axXRSG8FejhSocBADGo\"",
            "id": "041mghml42ngikc",
            "name": "gcp-billing-admins",
            "non_editable_aliases": [],
            "timeouts": {
              "create": null,
              "update": null
            }
          },
          "sensitive_attributes": [],
          "private": "eyJlMmJmYjczMC1lY2FhLTExZTYtOGY4OC0zNDM2M2JjN2M0YzAiOnsiY3JlYXRlIjo2MDAwMDAwMDAwMDAsInVwZGF0ZSI6NjAwMDAwMDAwMDAwfSwic2NoZW1hX3ZlcnNpb24iOiIwIn0="
        },
        {
          "index_key": "gcp-developers",
          "schema_version": 0,
          "attributes": {
            "admin_created": true,
            "aliases": [],
            "description": "Google Cloud Provider Developers for Breu.io",
            "direct_members_count": 0,
            "email": "gcp-developers@breu.io",
            "etag": "\"0Gsen51N5R4F9HqJd4orBtsS9tovxg64orHsRiegiVY/AMO3m1mtLCfmdZFW2j9vFKE8BP0\"",
            "id": "02ce457m23qdwbc",
            "name": "gcp-developers",
            "non_editable_aliases": [],
            "timeouts": {
              "create": null,
              "update": null
            }
          },
          "sensitive_attributes": [],
          "private": "eyJlMmJmYjczMC1lY2FhLTExZTYtOGY4OC0zNDM2M2JjN2M0YzAiOnsiY3JlYXRlIjo2MDAwMDAwMDAwMDAsInVwZGF0ZSI6NjAwMDAwMDAwMDAwfSwic2NoZW1hX3ZlcnNpb24iOiIwIn0="
        },
        {
          "index_key": "gcp-devops",
          "schema_version": 0,
          "attributes": {
            "admin_created": true,
            "aliases": [],
            "description": "DevOps Team for Breu.io",
            "direct_members_count": 0,
            "email": "gcp-devops@breu.io",
            "etag": "\"0Gsen51N5R4F9HqJd4orBtsS9tovxg64orHsRiegiVY/GMK2I2Wp2m0FbKs0uCWREAq5nt8\"",
            "id": "03mzq4wv49l8vhu",
            "name": "gcp-devops",
            "non_editable_aliases": [],
            "timeouts": {
              "create": null,
              "update": null
            }
          },
          "sensitive_attributes": [],
          "private": "eyJlMmJmYjczMC1lY2FhLTExZTYtOGY4OC0zNDM2M2JjN2M0YzAiOnsiY3JlYXRlIjo2MDAwMDAwMDAwMDAsInVwZGF0ZSI6NjAwMDAwMDAwMDAwfSwic2NoZW1hX3ZlcnNpb24iOiIwIn0="
        },
        {
          "index_key": "gcp-network-admins",
          "schema_version": 0,
          "attributes": {
            "admin_created": true,
            "aliases": [],
            "description": "Network Admins Team for Breu.io",
            "direct_members_count": 0,
            "email": "gcp-network-admins@breu.io",
            "etag": "\"0Gsen51N5R4F9HqJd4orBtsS9tovxg64orHsRiegiVY/RMHApaBYM-N-9kFmpAUf8bROIbI\"",
            "id": "03l18frh3jjhpvb",
            "name": "gcp-network-admins",
            "non_editable_aliases": [],
            "timeouts": {
              "create": null,
              "update": null
            }
          },
          "sensitive_attributes": [],
          "private": "eyJlMmJmYjczMC1lY2FhLTExZTYtOGY4OC0zNDM2M2JjN2M0YzAiOnsiY3JlYXRlIjo2MDAwMDAwMDAwMDAsInVwZGF0ZSI6NjAwMDAwMDAwMDAwfSwic2NoZW1hX3ZlcnNpb24iOiIwIn0="
        },
        {
          "index_key": "gcp-organization-admins",
          "schema_version": 0,
          "attributes": {
            "admin_created": true,
            "aliases": [],
            "description": "Organization Admins Team for Breu.io",
            "direct_members_count": 1,
            "email": "gcp-organization-admins@breu.io",
            "etag": "\"0Gsen51N5R4F9HqJd4orBtsS9tovxg64orHsRiegiVY/TNeGnoHfSvDVoPAPZYF_9u-mwQY\"",
            "id": "00vx1227246ohlb",
            "name": "gcp-organization-admins",
            "non_editable_aliases": [],
            "timeouts": {
              "create": null,
              "update": null
            }
          },
          "sensitive_attributes": [],
          "private": "eyJlMmJmYjczMC1lY2FhLTExZTYtOGY4OC0zNDM2M2JjN2M0YzAiOnsiY3JlYXRlIjo2MDAwMDAwMDAwMDAsInVwZGF0ZSI6NjAwMDAwMDAwMDAwfSwic2NoZW1hX3ZlcnNpb24iOiIwIn0="
        },
        {
          "index_key": "gcp-security-admins",
          "schema_version": 0,
          "attributes": {
            "admin_created": false,
            "aliases": [],
            "description": "Security Admins Team for Breu.io",
            "direct_members_count": 1,
            "email": "gcp-security-admins@breu.io",
            "etag": "\"0Gsen51N5R4F9HqJd4orBtsS9tovxg64orHsRiegiVY/x7Rwin9OtnLgWbyazT_g1V2YxIM\"",
            "id": "01d96cc03cus95v",
            "name": "gcp-security-admins",
            "non_editable_aliases": [],
            "timeouts": {
              "create": null,
              "update": null
            }
          },
          "sensitive_attributes": [],
          "private": "eyJlMmJmYjczMC1lY2FhLTExZTYtOGY4OC0zNDM2M2JjN2M0YzAiOnsiY3JlYXRlIjo2MDAwMDAwMDAwMDAsInVwZGF0ZSI6NjAwMDAwMDAwMDAwfSwic2NoZW1hX3ZlcnNpb24iOiIwIn0="
        },
        {
          "index_key": "jobs",
          "schema_version": 0,
          "attributes": {
            "admin_created": true,
            "aliases": [],
            "description": "Jobs @ Breu",
            "direct_members_count": 1,
            "email": "jobs@breu.io",
            "etag": "\"0Gsen51N5R4F9HqJd4orBtsS9tovxg64orHsRiegiVY/FSHW9P0h4-c7WeI20PWUy1kwSnE\"",
            "id": "04d34og81ca9s60",
            "name": "Jobs",
            "non_editable_aliases": [],
            "timeouts": {
              "create": null,
              "update": null
            }
          },
          "sensitive_attributes": [],
          "private": "eyJlMmJmYjczMC1lY2FhLTExZTYtOGY4OC0zNDM2M2JjN2M0YzAiOnsiY3JlYXRlIjo2MDAwMDAwMDAwMDAsInVwZGF0ZSI6NjAwMDAwMDAwMDAwfSwic2NoZW1hX3ZlcnNpb24iOiIwIn0="
        },
        {
          "index_key": "legal",
          "schema_version": 0,
          "attributes": {
            "admin_created": true,
            "aliases": [],
            "description": "Legal Team for Breu.io",
            "direct_members_count": 1,
            "email": "legal@breu.io",
            "etag": "\"0Gsen51N5R4F9HqJd4orBtsS9tovxg64orHsRiegiVY/ak3TibSwIBq0uiVcihmowRuNOy8\"",
            "id": "048pi1tg2fpc1nf",
            "name": "Legal",
            "non_editable_aliases": [],
            "timeouts": {
              "create": null,
              "update": null
            }
          },
          "sensitive_attributes": [],
          "private": "eyJlMmJmYjczMC1lY2FhLTExZTYtOGY4OC0zNDM2M2JjN2M0YzAiOnsiY3JlYXRlIjo2MDAwMDAwMDAwMDAsInVwZGF0ZSI6NjAwMDAwMDAwMDAwfSwic2NoZW1hX3ZlcnNpb24iOiIwIn0="
        },
        {
          "index_key": "sales",
          "schema_version": 0,
          "attributes": {
            "admin_created": true,
            "aliases": [],
            "description": "Sales Team for Breu.io",
            "direct_members_count": 1,
            "email": "sales@breu.io",
            "etag": "\"0Gsen51N5R4F9HqJd4orBtsS9tovxg64orHsRiegiVY/jtMmWiXTG7521tkZM8f3amaHrIg\"",
            "id": "04f1mdlm471gfid",
            "name": "Sales",
            "non_editable_aliases": [],
            "timeouts": {
              "create": null,
              "update": null
            }
          },
          "sensitive_attributes": [],
          "private": "eyJlMmJmYjczMC1lY2FhLTExZTYtOGY4OC0zNDM2M2JjN2M0YzAiOnsiY3JlYXRlIjo2MDAwMDAwMDAwMDAsInVwZGF0ZSI6NjAwMDAwMDAwMDAwfSwic2NoZW1hX3ZlcnNpb24iOiIwIn0="
        },
        {
          "index_key": "team",
          "schema_version": 0,
          "attributes": {
            "admin_created": true,
            "aliases": [],
            "description": "A mailing address for team wide announcements",
            "direct_members_count": 4,
            "email": "team@breu.io",
            "etag": "\"0Gsen51N5R4F9HqJd4orBtsS9tovxg64orHsRiegiVY/kZ8X2dviPg8gY7rEcFgQTnBTR4k\"",
            "id": "00xvir7l2wtbzwr",
            "name": "Breu.io Team",
            "non_editable_aliases": [],
            "timeouts": {
              "create": null,
              "update": null
            }
          },
          "sensitive_attributes": [],
          "private": "eyJlMmJmYjczMC1lY2FhLTExZTYtOGY4OC0zNDM2M2JjN2M0YzAiOnsiY3JlYXRlIjo2MDAwMDAwMDAwMDAsInVwZGF0ZSI6NjAwMDAwMDAwMDAwfSwic2NoZW1hX3ZlcnNpb24iOiIwIn0="
        },
        {
          "index_key": "x_hd",
          "schema_version": 0,
          "attributes": {
            "admin_created": true,
            "aliases": [],
            "description": "Team Members on HD Digital",
            "direct_members_count": 1,
            "email": "x_hd@breu.io",
            "etag": "\"0Gsen51N5R4F9HqJd4orBtsS9tovxg64orHsRiegiVY/VdDZZIgTgxbwY65J7K0W9cxO2ig\"",
            "id": "00xvir7l1t0uggt",
            "name": "HD",
            "non_editable_aliases": [],
            "timeouts": {
              "create": null,
              "update": null
            }
          },
          "sensitive_attributes": [],
          "private": "eyJlMmJmYjczMC1lY2FhLTExZTYtOGY4OC0zNDM2M2JjN2M0YzAiOnsiY3JlYXRlIjo2MDAwMDAwMDAwMDAsInVwZGF0ZSI6NjAwMDAwMDAwMDAwfSwic2NoZW1hX3ZlcnNpb24iOiIwIn0="
        }
      ]
    },
    {
      "mode": "managed",
      "type": "googleworkspace_group_member",
      "name": "group_member",
      "provider": "provider[\"registry.terraform.io/hashicorp/googleworkspace\"]",
      "instances": [
        {
          "index_key": "fin_yousuf",
          "schema_version": 0,
          "attributes": {
            "delivery_settings": "ALL_MAIL",
            "email": "ysf@breu.io",
            "etag": "\"0Gsen51N5R4F9HqJd4orBtsS9tovxg64orHsRiegiVY/TIS_zPK3tJhbUsfAJEaDn3dNZ78\"",
            "group_id": "032hioqz12rqejl",
            "id": "groups/032hioqz12rqejl/members/110568137160487405840",
            "member_id": "110568137160487405840",
            "role": "OWNER",
            "status": "ACTIVE",
            "timeouts": null,
            "type": "USER"
          },
          "sensitive_attributes": [],
          "private": "eyJlMmJmYjczMC1lY2FhLTExZTYtOGY4OC0zNDM2M2JjN2M0YzAiOnsiY3JlYXRlIjozMDAwMDAwMDAwMDAsInVwZGF0ZSI6MzAwMDAwMDAwMDAwfX0=",
          "dependencies": [
            "googleworkspace_group.groups"
          ]
        },
        {
          "index_key": "gcp-billing-admins_yousuf",
          "schema_version": 0,
          "attributes": {
            "delivery_settings": "ALL_MAIL",
            "email": "ysf@breu.io",
            "etag": "\"0Gsen51N5R4F9HqJd4orBtsS9tovxg64orHsRiegiVY/TIS_zPK3tJhbUsfAJEaDn3dNZ78\"",
            "group_id": "041mghml42ngikc",
            "id": "groups/041mghml42ngikc/members/110568137160487405840",
            "member_id": "110568137160487405840",
            "role": "OWNER",
            "status": "ACTIVE",
            "timeouts": null,
            "type": "USER"
          },
          "sensitive_attributes": [],
          "private": "eyJlMmJmYjczMC1lY2FhLTExZTYtOGY4OC0zNDM2M2JjN2M0YzAiOnsiY3JlYXRlIjozMDAwMDAwMDAwMDAsInVwZGF0ZSI6MzAwMDAwMDAwMDAwfX0=",
          "dependencies": [
            "googleworkspace_group.groups"
          ]
        },
        {
          "index_key": "gcp-organization-admins_yousuf",
          "schema_version": 0,
          "attributes": {
            "delivery_settings": "ALL_MAIL",
            "email": "ysf@breu.io",
            "etag": "\"0Gsen51N5R4F9HqJd4orBtsS9tovxg64orHsRiegiVY/TIS_zPK3tJhbUsfAJEaDn3dNZ78\"",
            "group_id": "00vx1227246ohlb",
            "id": "groups/00vx1227246ohlb/members/110568137160487405840",
            "member_id": "110568137160487405840",
            "role": "OWNER",
            "status": "ACTIVE",
            "timeouts": null,
            "type": "USER"
          },
          "sensitive_attributes": [],
          "private": "eyJlMmJmYjczMC1lY2FhLTExZTYtOGY4OC0zNDM2M2JjN2M0YzAiOnsiY3JlYXRlIjozMDAwMDAwMDAwMDAsInVwZGF0ZSI6MzAwMDAwMDAwMDAwfX0=",
          "dependencies": [
            "googleworkspace_group.groups"
          ]
        },
        {
          "index_key": "gcp-security-admins_yousuf",
          "schema_version": 0,
          "attributes": {
            "delivery_settings": "ALL_MAIL",
            "email": "ysf@breu.io",
            "etag": "\"0Gsen51N5R4F9HqJd4orBtsS9tovxg64orHsRiegiVY/TIS_zPK3tJhbUsfAJEaDn3dNZ78\"",
            "group_id": "01d96cc03cus95v",
            "id": "groups/01d96cc03cus95v/members/110568137160487405840",
            "member_id": "110568137160487405840",
            "role": "OWNER",
            "status": "ACTIVE",
            "timeouts": null,
            "type": "USER"
          },
          "sensitive_attributes": [],
          "private": "eyJlMmJmYjczMC1lY2FhLTExZTYtOGY4OC0zNDM2M2JjN2M0YzAiOnsiY3JlYXRlIjozMDAwMDAwMDAwMDAsInVwZGF0ZSI6MzAwMDAwMDAwMDAwfX0=",
          "dependencies": [
            "googleworkspace_group.groups"
          ]
        },
        {
          "index_key": "jobs_yousuf",
          "schema_version": 0,
          "attributes": {
            "delivery_settings": "ALL_MAIL",
            "email": "ysf@breu.io",
            "etag": "\"0Gsen51N5R4F9HqJd4orBtsS9tovxg64orHsRiegiVY/TIS_zPK3tJhbUsfAJEaDn3dNZ78\"",
            "group_id": "04d34og81ca9s60",
            "id": "groups/04d34og81ca9s60/members/110568137160487405840",
            "member_id": "110568137160487405840",
            "role": "OWNER",
            "status": "ACTIVE",
            "timeouts": null,
            "type": "USER"
          },
          "sensitive_attributes": [],
          "private": "eyJlMmJmYjczMC1lY2FhLTExZTYtOGY4OC0zNDM2M2JjN2M0YzAiOnsiY3JlYXRlIjozMDAwMDAwMDAwMDAsInVwZGF0ZSI6MzAwMDAwMDAwMDAwfX0=",
          "dependencies": [
            "googleworkspace_group.groups"
          ]
        },
        {
          "index_key": "legal_yousuf",
          "schema_version": 0,
          "attributes": {
            "delivery_settings": "ALL_MAIL",
            "email": "ysf@breu.io",
            "etag": "\"0Gsen51N5R4F9HqJd4orBtsS9tovxg64orHsRiegiVY/TIS_zPK3tJhbUsfAJEaDn3dNZ78\"",
            "group_id": "048pi1tg2fpc1nf",
            "id": "groups/048pi1tg2fpc1nf/members/110568137160487405840",
            "member_id": "110568137160487405840",
            "role": "OWNER",
            "status": "ACTIVE",
            "timeouts": null,
            "type": "USER"
          },
          "sensitive_attributes": [],
          "private": "eyJlMmJmYjczMC1lY2FhLTExZTYtOGY4OC0zNDM2M2JjN2M0YzAiOnsiY3JlYXRlIjozMDAwMDAwMDAwMDAsInVwZGF0ZSI6MzAwMDAwMDAwMDAwfX0=",
          "dependencies": [
            "googleworkspace_group.groups"
          ]
        },
        {
          "index_key": "sales_yousuf",
          "schema_version": 0,
          "attributes": {
            "delivery_settings": "ALL_MAIL",
            "email": "ysf@breu.io",
            "etag": "\"0Gsen51N5R4F9HqJd4orBtsS9tovxg64orHsRiegiVY/TIS_zPK3tJhbUsfAJEaDn3dNZ78\"",
            "group_id": "04f1mdlm471gfid",
            "id": "groups/04f1mdlm471gfid/members/110568137160487405840",
            "member_id": "110568137160487405840",
            "role": "OWNER",
            "status": "ACTIVE",
            "timeouts": null,
            "type": "USER"
          },
          "sensitive_attributes": [],
          "private": "eyJlMmJmYjczMC1lY2FhLTExZTYtOGY4OC0zNDM2M2JjN2M0YzAiOnsiY3JlYXRlIjozMDAwMDAwMDAwMDAsInVwZGF0ZSI6MzAwMDAwMDAwMDAwfX0=",
          "dependencies": [
            "googleworkspace_group.groups"
          ]
        },
        {
          "index_key": "team_auroob",
          "schema_version": 0,
          "attributes": {
            "delivery_settings": "ALL_MAIL",
            "email": "auroob@breu.io",
            "etag": "\"0Gsen51N5R4F9HqJd4orBtsS9tovxg64orHsRiegiVY/D5ny7kF_Ss0bTChpl5chq7pOhUo\"",
            "group_id": "00xvir7l2wtbzwr",
            "id": "groups/00xvir7l2wtbzwr/members/113540074363709718793",
            "member_id": "113540074363709718793",
            "role": "MEMBER",
            "status": "ACTIVE",
            "timeouts": null,
            "type": "USER"
          },
          "sensitive_attributes": [],
          "private": "eyJlMmJmYjczMC1lY2FhLTExZTYtOGY4OC0zNDM2M2JjN2M0YzAiOnsiY3JlYXRlIjozMDAwMDAwMDAwMDAsInVwZGF0ZSI6MzAwMDAwMDAwMDAwfX0=",
          "dependencies": [
            "googleworkspace_group.groups"
          ]
        },
        {
          "index_key": "team_imran.badami",
          "schema_version": 0,
          "attributes": {
            "delivery_settings": "ALL_MAIL",
            "email": "imran.badami@breu.io",
            "etag": "\"0Gsen51N5R4F9HqJd4orBtsS9tovxg64orHsRiegiVY/HyB0OK-Z8RMuKdmcOXKZ9H8KccI\"",
            "group_id": "00xvir7l2wtbzwr",
            "id": "groups/00xvir7l2wtbzwr/members/110427498758304448920",
            "member_id": "110427498758304448920",
            "role": "MEMBER",
            "status": "ACTIVE",
            "timeouts": null,
            "type": "USER"
          },
          "sensitive_attributes": [],
          "private": "eyJlMmJmYjczMC1lY2FhLTExZTYtOGY4OC0zNDM2M2JjN2M0YzAiOnsiY3JlYXRlIjozMDAwMDAwMDAwMDAsInVwZGF0ZSI6MzAwMDAwMDAwMDAwfX0=",
          "dependencies": [
            "googleworkspace_group.groups"
          ]
        },
        {
          "index_key": "team_sajjad",
          "schema_version": 0,
          "attributes": {
            "delivery_settings": "ALL_MAIL",
            "email": "sajjad@breu.io",
            "etag": "\"0Gsen51N5R4F9HqJd4orBtsS9tovxg64orHsRiegiVY/HpOQB4ud8xIvxtqYoLaawD4Eekg\"",
            "group_id": "00xvir7l2wtbzwr",
            "id": "groups/00xvir7l2wtbzwr/members/117555062182046045716",
            "member_id": "117555062182046045716",
            "role": "MEMBER",
            "status": "ACTIVE",
            "timeouts": null,
            "type": "USER"
          },
          "sensitive_attributes": [],
          "private": "eyJlMmJmYjczMC1lY2FhLTExZTYtOGY4OC0zNDM2M2JjN2M0YzAiOnsiY3JlYXRlIjozMDAwMDAwMDAwMDAsInVwZGF0ZSI6MzAwMDAwMDAwMDAwfX0=",
          "dependencies": [
            "googleworkspace_group.groups"
          ]
        },
        {
          "index_key": "team_yousuf",
          "schema_version": 0,
          "attributes": {
            "delivery_settings": "ALL_MAIL",
            "email": "ysf@breu.io",
            "etag": "\"0Gsen51N5R4F9HqJd4orBtsS9tovxg64orHsRiegiVY/TIS_zPK3tJhbUsfAJEaDn3dNZ78\"",
            "group_id": "00xvir7l2wtbzwr",
            "id": "groups/00xvir7l2wtbzwr/members/110568137160487405840",
            "member_id": "110568137160487405840",
            "role": "OWNER",
            "status": "ACTIVE",
            "timeouts": {
              "create": null,
              "update": null
            },
            "type": "USER"
          },
          "sensitive_attributes": [],
          "private": "eyJlMmJmYjczMC1lY2FhLTExZTYtOGY4OC0zNDM2M2JjN2M0YzAiOnsiY3JlYXRlIjozMDAwMDAwMDAwMDAsInVwZGF0ZSI6MzAwMDAwMDAwMDAwfSwic2NoZW1hX3ZlcnNpb24iOiIwIn0=",
          "dependencies": [
            "googleworkspace_group.groups"
          ]
        },
        {
          "index_key": "x_hd_yousuf",
          "schema_version": 0,
          "attributes": {
            "delivery_settings": "ALL_MAIL",
            "email": "ysf@breu.io",
            "etag": "\"0Gsen51N5R4F9HqJd4orBtsS9tovxg64orHsRiegiVY/TIS_zPK3tJhbUsfAJEaDn3dNZ78\"",
            "group_id": "00xvir7l1t0uggt",
            "id": "groups/00xvir7l1t0uggt/members/110568137160487405840",
            "member_id": "110568137160487405840",
            "role": "OWNER",
            "status": "ACTIVE",
            "timeouts": null,
            "type": "USER"
          },
          "sensitive_attributes": [],
          "private": "eyJlMmJmYjczMC1lY2FhLTExZTYtOGY4OC0zNDM2M2JjN2M0YzAiOnsiY3JlYXRlIjozMDAwMDAwMDAwMDAsInVwZGF0ZSI6MzAwMDAwMDAwMDAwfX0=",
          "dependencies": [
            "googleworkspace_group.groups"
          ]
        }
      ]
    },
    {
      "mode": "managed",
      "type": "googleworkspace_user",
      "name": "users",
      "provider": "provider[\"registry.terraform.io/hashicorp/googleworkspace\"]",
      "instances": [
        {
          "index_key": "auroob",
          "schema_version": 0,
          "attributes": {
            "addresses": [],
            "agreed_to_terms": true,
            "aliases": [],
            "archived": false,
            "change_password_at_next_login": false,
            "creation_time": "2020-08-16T14:29:26.000Z",
            "custom_schemas": [],
            "customer_id": "C00z5q9hc",
            "deletion_time": "",
            "emails": [
              {
                "address": "auroob@breu.io",
                "custom_type": "",
                "primary": true,
                "type": ""
              }
            ],
            "etag": "\"0Gsen51N5R4F9HqJd4orBtsS9tovxg64orHsRiegiVY/JrTv3VmRadiyYRfdkWhkuq1Rff8\"",
            "external_ids": [],
            "hash_function": "",
            "id": "113540074363709718793",
            "ims": [],
            "include_in_global_address_list": true,
            "ip_allowlist": false,
            "is_admin": false,
            "is_delegated_admin": false,
            "is_enforced_in_2_step_verification": false,
            "is_enrolled_in_2_step_verification": false,
            "is_mailbox_setup": true,
            "keywords": [],
            "languages": [
              {
                "custom_language": "",
                "language_code": "en",
                "preference": "preferred"
              }
            ],
            "last_login_time": "2022-03-27T21:24:10.000Z",
            "locations": [],
            "name": [
              {
                "family_name": "Toor",
                "full_name": "Auroob Toor",
                "given_name": "Auroob"
              }
            ],
            "non_editable_aliases": [],
            "org_unit_path": "/",
            "organizations": [],
            "password": "",
            "phones": [],
            "posix_accounts": [],
            "primary_email": "auroob@breu.io",
            "recovery_email": "auroobtoor98@gmail.com",
            "recovery_phone": "+923455190191",
            "relations": [],
            "ssh_public_keys": [],
            "suspended": false,
            "suspension_reason": "",
            "thumbnail_photo_etag": "",
            "thumbnail_photo_url": "",
            "timeouts": {
              "create": null,
              "update": null
            },
            "websites": []
          },
          "sensitive_attributes": [],
          "private": "eyJlMmJmYjczMC1lY2FhLTExZTYtOGY4OC0zNDM2M2JjN2M0YzAiOnsiY3JlYXRlIjozMDAwMDAwMDAwMDAsInVwZGF0ZSI6MzAwMDAwMDAwMDAwfX0="
        },
        {
          "index_key": "imran.badami",
          "schema_version": 0,
          "attributes": {
            "addresses": [],
            "agreed_to_terms": true,
            "aliases": [],
            "archived": false,
            "change_password_at_next_login": false,
            "creation_time": "2020-11-25T16:06:17.000Z",
            "custom_schemas": [],
            "customer_id": "C00z5q9hc",
            "deletion_time": "",
            "emails": [
              {
                "address": "imran.badami@breu.io",
                "custom_type": "",
                "primary": true,
                "type": ""
              }
            ],
            "etag": "\"0Gsen51N5R4F9HqJd4orBtsS9tovxg64orHsRiegiVY/iO8CK--lhjR5SNB_SxUV2W6_CWY\"",
            "external_ids": [],
            "hash_function": "",
            "id": "110427498758304448920",
            "ims": [],
            "include_in_global_address_list": true,
            "ip_allowlist": false,
            "is_admin": false,
            "is_delegated_admin": false,
            "is_enforced_in_2_step_verification": false,
            "is_enrolled_in_2_step_verification": false,
            "is_mailbox_setup": true,
            "keywords": [],
            "languages": [
              {
                "custom_language": "",
                "language_code": "en",
                "preference": "preferred"
              }
            ],
            "last_login_time": "2022-01-24T08:44:19.000Z",
            "locations": [],
            "name": [
              {
                "family_name": "Badami",
                "full_name": "Imran Badami",
                "given_name": "Imran"
              }
            ],
            "non_editable_aliases": [],
            "org_unit_path": "/",
            "organizations": [],
            "password": "",
            "phones": [],
            "posix_accounts": [],
            "primary_email": "imran.badami@breu.io",
            "recovery_email": "imran.badami@gmail.com",
            "recovery_phone": "+61493109237",
            "relations": [],
            "ssh_public_keys": [],
            "suspended": false,
            "suspension_reason": "",
            "thumbnail_photo_etag": "",
            "thumbnail_photo_url": "",
            "timeouts": {
              "create": null,
              "update": null
            },
            "websites": []
          },
          "sensitive_attributes": [],
          "private": "eyJlMmJmYjczMC1lY2FhLTExZTYtOGY4OC0zNDM2M2JjN2M0YzAiOnsiY3JlYXRlIjozMDAwMDAwMDAwMDAsInVwZGF0ZSI6MzAwMDAwMDAwMDAwfX0="
        },
        {
          "index_key": "sajjad",
          "schema_version": 0,
          "attributes": {
            "addresses": [],
            "agreed_to_terms": false,
            "aliases": [],
            "archived": false,
            "change_password_at_next_login": false,
            "creation_time": "2020-10-14T07:12:11.000Z",
            "custom_schemas": [],
            "customer_id": "C00z5q9hc",
            "deletion_time": "",
            "emails": [
              {
                "address": "sajjad.sit@gmail.com",
                "custom_type": "",
                "primary": false,
                "type": "work"
              },
              {
                "address": "sajjad@breu.io",
                "custom_type": "",
                "primary": true,
                "type": ""
              }
            ],
            "etag": "\"0Gsen51N5R4F9HqJd4orBtsS9tovxg64orHsRiegiVY/MxrVIDtnW8itFORDhZP8_zzGhbE\"",
            "external_ids": [],
            "hash_function": "",
            "id": "117555062182046045716",
            "ims": [],
            "include_in_global_address_list": true,
            "ip_allowlist": false,
            "is_admin": true,
            "is_delegated_admin": false,
            "is_enforced_in_2_step_verification": false,
            "is_enrolled_in_2_step_verification": false,
            "is_mailbox_setup": true,
            "keywords": [],
            "languages": [
              {
                "custom_language": "",
                "language_code": "en",
                "preference": "preferred"
              }
            ],
            "last_login_time": "2022-01-09T14:54:38.000Z",
            "locations": [],
            "name": [
              {
                "family_name": "Hussain",
                "full_name": "Sajjad Hussain",
                "given_name": "Sajjad"
              }
            ],
            "non_editable_aliases": [],
            "org_unit_path": "/",
            "organizations": [],
            "password": "",
            "phones": [],
            "posix_accounts": [],
            "primary_email": "sajjad@breu.io",
            "recovery_email": "sajjad.sit@gmail.com",
            "recovery_phone": "+923334210062",
            "relations": [],
            "ssh_public_keys": [],
            "suspended": false,
            "suspension_reason": "",
            "thumbnail_photo_etag": "",
            "thumbnail_photo_url": "",
            "timeouts": {
              "create": null,
              "update": null
            },
            "websites": []
          },
          "sensitive_attributes": [],
          "private": "eyJlMmJmYjczMC1lY2FhLTExZTYtOGY4OC0zNDM2M2JjN2M0YzAiOnsiY3JlYXRlIjozMDAwMDAwMDAwMDAsInVwZGF0ZSI6MzAwMDAwMDAwMDAwfX0="
        },
        {
          "index_key": "yousuf",
          "schema_version": 0,
          "attributes": {
            "addresses": [],
            "agreed_to_terms": true,
            "aliases": [
              "yousuf@breu.io",
              "jay@breu.io"
            ],
            "archived": false,
            "change_password_at_next_login": false,
            "creation_time": "2019-11-24T04:25:58.000Z",
            "custom_schemas": [],
            "customer_id": "C00z5q9hc",
            "deletion_time": "",
            "emails": [
              {
                "address": "ysf@breu.io",
                "custom_type": "",
                "primary": true,
                "type": ""
              },
              {
                "address": "yousuf@breu.io",
                "custom_type": "",
                "primary": false,
                "type": ""
              },
              {
                "address": "jay@breu.io",
                "custom_type": "",
                "primary": false,
                "type": ""
              }
            ],
            "etag": "\"0Gsen51N5R4F9HqJd4orBtsS9tovxg64orHsRiegiVY/p6C1ktelO-1_Q3v50RsF0Och7OA\"",
            "external_ids": [],
            "hash_function": "",
            "id": "110568137160487405840",
            "ims": [],
            "include_in_global_address_list": true,
            "ip_allowlist": false,
            "is_admin": true,
            "is_delegated_admin": false,
            "is_enforced_in_2_step_verification": false,
            "is_enrolled_in_2_step_verification": false,
            "is_mailbox_setup": true,
            "keywords": [],
            "languages": [
              {
                "custom_language": "",
                "language_code": "en",
                "preference": "preferred"
              }
            ],
            "last_login_time": "2022-03-28T06:16:21.000Z",
            "locations": [],
            "name": [
              {
                "family_name": "Jawwad",
                "full_name": "Yousuf Jawwad",
                "given_name": "Yousuf"
              }
            ],
            "non_editable_aliases": [],
            "org_unit_path": "/",
            "organizations": [],
            "password": "",
            "phones": [],
            "posix_accounts": [],
            "primary_email": "ysf@breu.io",
            "recovery_email": "yousuf.jawwad@gmail.com",
            "recovery_phone": "+14157929858",
            "relations": [],
            "ssh_public_keys": [],
            "suspended": false,
            "suspension_reason": "",
            "thumbnail_photo_etag": "\"0Gsen51N5R4F9HqJd4orBtsS9tovxg64orHsRiegiVY/78i5xRrPs48zvHPk08wse0xpbgs\"",
            "thumbnail_photo_url": "https://www.google.com/s2/photos/public/AIbEiAIAAABECJCS1OOUmOTUkgEiC3ZjYXJkX3Bob3RvKigxNGM4OWNiNmEzMDEzMTlhMzRjZDM4YTFiNTRhYmVkMzFjZWRjZjIzMAFEcjMaYDmtjwtfujJWMs7dkOdxPQ",
            "timeouts": {
              "create": null,
              "update": null
            },
            "websites": []
          },
          "sensitive_attributes": [],
          "private": "eyJlMmJmYjczMC1lY2FhLTExZTYtOGY4OC0zNDM2M2JjN2M0YzAiOnsiY3JlYXRlIjozMDAwMDAwMDAwMDAsInVwZGF0ZSI6MzAwMDAwMDAwMDAwfX0="
        }
      ]
    }
  ]
}
