{
  "version": 4,
  "terraform_version": "1.0.0",
  "serial": 117,
  "lineage": "40800bc3-2dba-d350-4f1d-4a2b45d877cf",
  "outputs": {
    "github_team_memberships": {
      "value": {
        "admins_debuggerpk": {
          "role": "maintainer",
          "team": "admins",
          "username": "debuggerpk"
        },
        "admins_sauronil-das": {
          "role": "maintainer",
          "team": "admins",
          "username": "sauronil-das"
        },
        "admins_shanlashari": {
          "role": "maintainer",
          "team": "admins",
          "username": "shanlashari"
        },
        "devs_thatdevsherry": {
          "role": "member",
          "team": "devs",
          "username": "thatdevsherry"
        }
      },
      "type": [
        "object",
        {
          "admins_debuggerpk": [
            "object",
            {
              "role": "string",
              "team": "string",
              "username": "string"
            }
          ],
          "admins_sauronil-das": [
            "object",
            {
              "role": "string",
              "team": "string",
              "username": "string"
            }
          ],
          "admins_shanlashari": [
            "object",
            {
              "role": "string",
              "team": "string",
              "username": "string"
            }
          ],
          "devs_thatdevsherry": [
            "object",
            {
              "role": "string",
              "team": "string",
              "username": "string"
            }
          ]
        }
      ]
    },
    "github_team_repos": {
      "value": {
        "automatic_admins": {
          "permission": "admin",
          "repo": "automatic",
          "team": "admins"
        },
        "automatic_devs": {
          "permission": "maintain",
          "repo": "automatic",
          "team": "devs"
        },
        "governance_admins": {
          "permission": "admin",
          "repo": "governance",
          "team": "admins"
        }
      },
      "type": [
        "object",
        {
          "automatic_admins": [
            "object",
            {
              "permission": "string",
              "repo": "string",
              "team": "string"
            }
          ],
          "automatic_devs": [
            "object",
            {
              "permission": "string",
              "repo": "string",
              "team": "string"
            }
          ],
          "governance_admins": [
            "object",
            {
              "permission": "string",
              "repo": "string",
              "team": "string"
            }
          ]
        }
      ]
    },
    "github_teams": {
      "value": {
        "admins": {
          "create_default_maintainer": false,
          "description": "Admin for Github",
          "privacy": "secret"
        },
        "devs": {
          "create_default_maintainer": false,
          "description": "All developers",
          "privacy": "secret"
        }
      },
      "type": [
        "object",
        {
          "admins": [
            "object",
            {
              "create_default_maintainer": "bool",
              "description": "string",
              "privacy": "string"
            }
          ],
          "devs": [
            "object",
            {
              "create_default_maintainer": "bool",
              "description": "string",
              "privacy": "string"
            }
          ]
        }
      ]
    },
    "gsuite_group_members": {
      "value": {
        "gcp-billing-admins_shan": {
          "email": "shan@breu.io",
          "group": "gcp-billing-admins",
          "role": "OWNER",
          "user": "shan"
        },
        "gcp-billing-admins_yousuf": {
          "email": "yousuf@breu.io",
          "group": "gcp-billing-admins",
          "role": "OWNER",
          "user": "yousuf"
        },
        "team_sauronil": {
          "email": "sauronil@breu.io",
          "group": "team",
          "role": "MEMBER",
          "user": "sauronil"
        },
        "team_shan": {
          "email": "shan@breu.io",
          "group": "team",
          "role": "OWNER",
          "user": "shan"
        },
        "team_shehriyar.qureshi": {
          "email": "shehriyar.qureshi@breu.io",
          "group": "team",
          "role": "MEMBER",
          "user": "shehriyar.qureshi"
        },
        "team_yousuf": {
          "email": "yousuf@breu.io",
          "group": "team",
          "role": "OWNER",
          "user": "yousuf"
        }
      },
      "type": [
        "object",
        {
          "gcp-billing-admins_shan": [
            "object",
            {
              "email": "string",
              "group": "string",
              "role": "string",
              "user": "string"
            }
          ],
          "gcp-billing-admins_yousuf": [
            "object",
            {
              "email": "string",
              "group": "string",
              "role": "string",
              "user": "string"
            }
          ],
          "team_sauronil": [
            "object",
            {
              "email": "string",
              "group": "string",
              "role": "string",
              "user": "string"
            }
          ],
          "team_shan": [
            "object",
            {
              "email": "string",
              "group": "string",
              "role": "string",
              "user": "string"
            }
          ],
          "team_shehriyar.qureshi": [
            "object",
            {
              "email": "string",
              "group": "string",
              "role": "string",
              "user": "string"
            }
          ],
          "team_yousuf": [
            "object",
            {
              "email": "string",
              "group": "string",
              "role": "string",
              "user": "string"
            }
          ]
        }
      ]
    },
    "gsuite_groups": {
      "value": {
        "gcp-billing-admins": {
          "description": "GCP Billing Admins",
          "name": "gcp-billing-admins"
        },
        "team": {
          "description": "A mailing address for team wide announcements",
          "name": "Breu.io Team"
        }
      },
      "type": [
        "object",
        {
          "gcp-billing-admins": [
            "object",
            {
              "description": "string",
              "name": "string"
            }
          ],
          "team": [
            "object",
            {
              "description": "string",
              "name": "string"
            }
          ]
        }
      ]
    },
    "repos": {
      "value": {
        "automatic": {
          "description": "We are going to automate the world - Nash",
          "has_downloads": true,
          "has_issues": true,
          "has_projects": false,
          "has_wiki": false,
          "name": "automatic",
          "teams": {
            "admins": "admin",
            "devs": "maintain"
          }
        },
        "governance": {
          "description": "Breu's IAM governance as code",
          "has_downloads": false,
          "has_issues": false,
          "has_projects": false,
          "has_wiki": false,
          "name": "governance",
          "teams": {
            "admins": "admin"
          }
        }
      },
      "type": [
        "object",
        {
          "automatic": [
            "object",
            {
              "description": "string",
              "has_downloads": "bool",
              "has_issues": "bool",
              "has_projects": "bool",
              "has_wiki": "bool",
              "name": "string",
              "teams": [
                "object",
                {
                  "admins": "string",
                  "devs": "string"
                }
              ]
            }
          ],
          "governance": [
            "object",
            {
              "description": "string",
              "has_downloads": "bool",
              "has_issues": "bool",
              "has_projects": "bool",
              "has_wiki": "bool",
              "name": "string",
              "teams": [
                "object",
                {
                  "admins": "string"
                }
              ]
            }
          ]
        }
      ]
    },
    "users": {
      "value": {
        "sauronil": {
          "email": "sauronil@breu.io",
          "github": {
            "teams": {
              "admins": "maintainer"
            },
            "username": "sauronil-das"
          },
          "gsuite": {
            "groups": {
              "team": "member"
            }
          },
          "name": {
            "first_name": "Sauronil",
            "last_name": "Das"
          },
          "recovery_email": "sauronildas@protonmail.com"
        },
        "shan": {
          "email": "shan@breu.io",
          "github": {
            "teams": {
              "admins": "maintainer"
            },
            "username": "shanlashari"
          },
          "gsuite": {
            "groups": {
              "gcp-billing-admins": "owner",
              "team": "owner"
            }
          },
          "name": {
            "first_name": "Shan",
            "last_name": "Raza"
          },
          "recovery_email": "shanbaloch7@gmail.com"
        },
        "shehriyar.qureshi": {
          "email": "shehriyar.qureshi@breu.io",
          "github": {
            "teams": {
              "devs": "member"
            },
            "username": "thatdevsherry"
          },
          "gsuite": {
            "aliases": [
              "m.shehriyar@pk.breu.io"
            ],
            "groups": {
              "team": "member"
            }
          },
          "name": {
            "first_name": "Shehriyar",
            "last_name": "Qureshi"
          },
          "recovery_email": "thatdevsherry@gmail.com",
          "recovery_phone": 923096194332
        },
        "yousuf": {
          "email": "yousuf@breu.io",
          "github": {
            "teams": {
              "admins": "maintainer"
            },
            "username": "debuggerpk"
          },
          "gsuite": {
            "aliases": [
              "jay@breu.io"
            ],
            "groups": {
              "gcp-billing-admins": "owner",
              "team": "owner"
            }
          },
          "name": {
            "first_name": "Yousuf",
            "last_name": "Jawwad"
          },
          "recovery_email": "yousuf.jawwad@gmail.com"
        }
      },
      "type": [
        "object",
        {
          "sauronil": [
            "object",
            {
              "email": "string",
              "github": [
                "object",
                {
                  "teams": [
                    "object",
                    {
                      "admins": "string"
                    }
                  ],
                  "username": "string"
                }
              ],
              "gsuite": [
                "object",
                {
                  "groups": [
                    "object",
                    {
                      "team": "string"
                    }
                  ]
                }
              ],
              "name": [
                "object",
                {
                  "first_name": "string",
                  "last_name": "string"
                }
              ],
              "recovery_email": "string"
            }
          ],
          "shan": [
            "object",
            {
              "email": "string",
              "github": [
                "object",
                {
                  "teams": [
                    "object",
                    {
                      "admins": "string"
                    }
                  ],
                  "username": "string"
                }
              ],
              "gsuite": [
                "object",
                {
                  "groups": [
                    "object",
                    {
                      "gcp-billing-admins": "string",
                      "team": "string"
                    }
                  ]
                }
              ],
              "name": [
                "object",
                {
                  "first_name": "string",
                  "last_name": "string"
                }
              ],
              "recovery_email": "string"
            }
          ],
          "shehriyar.qureshi": [
            "object",
            {
              "email": "string",
              "github": [
                "object",
                {
                  "teams": [
                    "object",
                    {
                      "devs": "string"
                    }
                  ],
                  "username": "string"
                }
              ],
              "gsuite": [
                "object",
                {
                  "aliases": [
                    "tuple",
                    [
                      "string"
                    ]
                  ],
                  "groups": [
                    "object",
                    {
                      "team": "string"
                    }
                  ]
                }
              ],
              "name": [
                "object",
                {
                  "first_name": "string",
                  "last_name": "string"
                }
              ],
              "recovery_email": "string",
              "recovery_phone": "number"
            }
          ],
          "yousuf": [
            "object",
            {
              "email": "string",
              "github": [
                "object",
                {
                  "teams": [
                    "object",
                    {
                      "admins": "string"
                    }
                  ],
                  "username": "string"
                }
              ],
              "gsuite": [
                "object",
                {
                  "aliases": [
                    "tuple",
                    [
                      "string"
                    ]
                  ],
                  "groups": [
                    "object",
                    {
                      "gcp-billing-admins": "string",
                      "team": "string"
                    }
                  ]
                }
              ],
              "name": [
                "object",
                {
                  "first_name": "string",
                  "last_name": "string"
                }
              ],
              "recovery_email": "string"
            }
          ]
        }
      ]
    }
  },
  "resources": [
    {
      "mode": "managed",
      "type": "github_repository",
      "name": "repos",
      "provider": "provider[\"registry.terraform.io/integrations/github\"]",
      "instances": [
        {
          "index_key": "automatic",
          "schema_version": 0,
          "attributes": {
            "allow_merge_commit": true,
            "allow_rebase_merge": true,
            "allow_squash_merge": true,
            "archive_on_destroy": null,
            "archived": false,
            "auto_init": false,
            "default_branch": "main",
            "delete_branch_on_merge": false,
            "description": "We are going to automate the world - Nash",
            "etag": "W/\"be28f5ebea20c19440783aa6763e1850f6a4c310c187b7d88e828961f9fda998\"",
            "full_name": "breuHQ/automatic",
            "git_clone_url": "git://github.com/breuHQ/automatic.git",
            "gitignore_template": null,
            "has_downloads": true,
            "has_issues": true,
            "has_projects": false,
            "has_wiki": false,
            "homepage_url": "",
            "html_url": "https://github.com/breuHQ/automatic",
            "http_clone_url": "https://github.com/breuHQ/automatic.git",
            "id": "automatic",
            "is_template": false,
            "license_template": null,
            "name": "automatic",
            "node_id": "MDEwOlJlcG9zaXRvcnkzNjUwNzcwNjk=",
            "pages": [],
            "private": true,
            "repo_id": 365077069,
            "ssh_clone_url": "git@github.com:breuHQ/automatic.git",
            "svn_url": "https://github.com/breuHQ/automatic",
            "template": [],
            "topics": [],
            "visibility": "private",
            "vulnerability_alerts": false
          },
          "sensitive_attributes": [],
          "private": "bnVsbA=="
        },
        {
          "index_key": "governance",
          "schema_version": 0,
          "attributes": {
            "allow_merge_commit": true,
            "allow_rebase_merge": true,
            "allow_squash_merge": true,
            "archive_on_destroy": null,
            "archived": false,
            "auto_init": false,
            "default_branch": "main",
            "delete_branch_on_merge": false,
            "description": "Breu's IAM governance as code",
            "etag": "W/\"869272c6bf47386d9e1187c80e91464ff2561b333b862f57fb3ef7683d70ccdb\"",
            "full_name": "breuHQ/governance",
            "git_clone_url": "git://github.com/breuHQ/governance.git",
            "gitignore_template": null,
            "has_downloads": false,
            "has_issues": false,
            "has_projects": false,
            "has_wiki": false,
            "homepage_url": "",
            "html_url": "https://github.com/breuHQ/governance",
            "http_clone_url": "https://github.com/breuHQ/governance.git",
            "id": "governance",
            "is_template": false,
            "license_template": null,
            "name": "governance",
            "node_id": "MDEwOlJlcG9zaXRvcnkzNzU0MzY5MDQ=",
            "pages": [],
            "private": true,
            "repo_id": 375436904,
            "ssh_clone_url": "git@github.com:breuHQ/governance.git",
            "svn_url": "https://github.com/breuHQ/governance",
            "template": [],
            "topics": [],
            "visibility": "private",
            "vulnerability_alerts": false
          },
          "sensitive_attributes": [],
          "private": "eyJzY2hlbWFfdmVyc2lvbiI6IjAifQ=="
        }
      ]
    },
    {
      "mode": "managed",
      "type": "github_team",
      "name": "teams",
      "provider": "provider[\"registry.terraform.io/integrations/github\"]",
      "instances": [
        {
          "index_key": "admins",
          "schema_version": 0,
          "attributes": {
            "create_default_maintainer": false,
            "description": "Admin for Github",
            "etag": "W/\"210d61c1199c08611b70225ccbe30637807e2ab1e547da25eed033583d345545\"",
            "id": "3558917",
            "ldap_dn": "",
            "members_count": 3,
            "name": "admins",
            "node_id": "MDQ6VGVhbTM1NTg5MTc=",
            "parent_team_id": null,
            "privacy": "secret",
            "slug": "admins"
          },
          "sensitive_attributes": [],
          "private": "bnVsbA=="
        },
        {
          "index_key": "devs",
          "schema_version": 0,
          "attributes": {
            "create_default_maintainer": false,
            "description": "All developers",
            "etag": "W/\"5684e961b573e79ec997a15a77437341b57343cbb12af8df657f01300913e882\"",
            "id": "4903898",
            "ldap_dn": "",
            "members_count": 1,
            "name": "devs",
            "node_id": "MDQ6VGVhbTQ5MDM4OTg=",
            "parent_team_id": null,
            "privacy": "secret",
            "slug": "devs"
          },
          "sensitive_attributes": [],
          "private": "bnVsbA=="
        }
      ]
    },
    {
      "mode": "managed",
      "type": "github_team_membership",
      "name": "team_memberships",
      "provider": "provider[\"registry.terraform.io/integrations/github\"]",
      "instances": [
        {
          "index_key": "admins_debuggerpk",
          "schema_version": 0,
          "attributes": {
            "etag": "W/\"24bdf6d56bf3bc32f7cc9ab23ad9a462a21ad2cc7ea12cd8e4d614e9769e0cbf\"",
            "id": "3558917:debuggerpk",
            "role": "maintainer",
            "team_id": "3558917",
            "username": "debuggerpk"
          },
          "sensitive_attributes": [],
          "private": "eyJzY2hlbWFfdmVyc2lvbiI6IjAifQ==",
          "dependencies": [
            "github_team.teams"
          ]
        },
        {
          "index_key": "admins_sauronil-das",
          "schema_version": 0,
          "attributes": {
            "etag": "W/\"d50410bd23d5d86f35efa582b86ca4ebef52fdf5fa8cf69977afee3c0fb34aa8\"",
            "id": "3558917:sauronil-das",
            "role": "maintainer",
            "team_id": "3558917",
            "username": "sauronil-das"
          },
          "sensitive_attributes": [],
          "private": "bnVsbA==",
          "dependencies": [
            "github_team.teams"
          ]
        },
        {
          "index_key": "admins_shanlashari",
          "schema_version": 0,
          "attributes": {
            "etag": "W/\"c38a3d6dde69bef241e53732e56d1704314f1916bad87e7c86888f2a249f889c\"",
            "id": "3558917:shanlashari",
            "role": "maintainer",
            "team_id": "3558917",
            "username": "shanlashari"
          },
          "sensitive_attributes": [],
          "private": "eyJzY2hlbWFfdmVyc2lvbiI6IjAifQ==",
          "dependencies": [
            "github_team.teams"
          ]
        },
        {
          "index_key": "devs_thatdevsherry",
          "schema_version": 0,
          "attributes": {
            "etag": "W/\"776976c8c6a7a92fff0659482974202bd6863d2d70021f0a7c97da5ff2cf95e0\"",
            "id": "4903898:thatdevsherry",
            "role": "member",
            "team_id": "4903898",
            "username": "thatdevsherry"
          },
          "sensitive_attributes": [],
          "private": "bnVsbA==",
          "dependencies": [
            "github_team.teams"
          ]
        }
      ]
    },
    {
      "mode": "managed",
      "type": "github_team_repository",
      "name": "team_repos",
      "provider": "provider[\"registry.terraform.io/integrations/github\"]",
      "instances": [
        {
          "index_key": "automatic_admins",
          "schema_version": 0,
          "attributes": {
            "etag": "W/\"062a6a0b3977c08b3249702cd2910b496a802b4f0da18e679cd8fb995b2aa59e\"",
            "id": "3558917:automatic",
            "permission": "admin",
            "repository": "automatic",
            "team_id": "3558917"
          },
          "sensitive_attributes": [],
          "private": "bnVsbA==",
          "dependencies": [
            "github_team.teams"
          ]
        },
        {
          "index_key": "automatic_devs",
          "schema_version": 0,
          "attributes": {
            "etag": "W/\"01333afc52ada23790141429090765b16bfbea10b4e259dbcc1b6fe3fec1e132\"",
            "id": "4903898:automatic",
            "permission": "maintain",
            "repository": "automatic",
            "team_id": "4903898"
          },
          "sensitive_attributes": [],
          "private": "bnVsbA==",
          "dependencies": [
            "github_team.teams"
          ]
        },
        {
          "index_key": "governance_admins",
          "schema_version": 0,
          "attributes": {
            "etag": "W/\"6349df83619eb04e64d4811a0cb3bb5ad7362e590846c70c9adc1b723d9342fc\"",
            "id": "3558917:governance",
            "permission": "admin",
            "repository": "governance",
            "team_id": "3558917"
          },
          "sensitive_attributes": [],
          "private": "bnVsbA==",
          "dependencies": [
            "github_team.teams"
          ]
        }
      ]
    },
    {
      "mode": "managed",
      "type": "gsuite_group",
      "name": "groups",
      "provider": "provider[\"registry.terraform.io/deviavir/gsuite\"]",
      "instances": [
        {
          "index_key": "gcp-billing-admins",
          "schema_version": 0,
          "attributes": {
            "admin_created": true,
            "aliases": [],
            "description": "GCP Billing Admins",
            "direct_members_count": 3,
            "email": "gcp-billing-admins@breu.io",
            "id": "041mghml42ngikc",
            "name": "gcp-billing-admins",
            "non_editable_aliases": [
              "gcp-billing-admins@breu.io.test-google-a.com"
            ]
          },
          "sensitive_attributes": [],
          "private": "bnVsbA=="
        },
        {
          "index_key": "team",
          "schema_version": 0,
          "attributes": {
            "admin_created": true,
            "aliases": [],
            "description": "A mailing address for team wide announcements",
            "direct_members_count": 12,
            "email": "team@breu.io",
            "id": "00xvir7l2wtbzwr",
            "name": "Breu.io Team",
            "non_editable_aliases": [
              "team@breu.io.test-google-a.com"
            ]
          },
          "sensitive_attributes": [],
          "private": "bnVsbA=="
        }
      ]
    },
    {
      "mode": "managed",
      "type": "gsuite_group_member",
      "name": "group_member",
      "provider": "provider[\"registry.terraform.io/deviavir/gsuite\"]",
      "instances": [
        {
          "index_key": "gcp-billing-admins_shan",
          "schema_version": 0,
          "attributes": {
            "email": "shan@breu.io",
            "etag": "\"iIuugeBvajEpS7jVVV6bKPtQvJb9NR0eDfu6E-hDxr8/pgbkQtd5d2eSekzuyQXo-Cqn0jI\"",
            "group": "gcp-billing-admins@breu.io",
            "id": "117323215058348115833",
            "kind": "admin#directory#member",
            "role": "OWNER",
            "status": "ACTIVE",
            "type": "USER"
          },
          "sensitive_attributes": [],
          "private": "eyJzY2hlbWFfdmVyc2lvbiI6IjAifQ=="
        },
        {
          "index_key": "gcp-billing-admins_yousuf",
          "schema_version": 0,
          "attributes": {
            "email": "yousuf@breu.io",
            "etag": "\"iIuugeBvajEpS7jVVV6bKPtQvJb9NR0eDfu6E-hDxr8/I2rWdb9WyT5I8spNn-hwKZ1dCMg\"",
            "group": "gcp-billing-admins@breu.io",
            "id": "110568137160487405840",
            "kind": "admin#directory#member",
            "role": "OWNER",
            "status": "ACTIVE",
            "type": "USER"
          },
          "sensitive_attributes": [],
          "private": "eyJzY2hlbWFfdmVyc2lvbiI6IjAifQ=="
        },
        {
          "index_key": "team_sauronil",
          "schema_version": 0,
          "attributes": {
            "email": "sauronil@breu.io",
            "etag": "\"iIuugeBvajEpS7jVVV6bKPtQvJb9NR0eDfu6E-hDxr8/oPYyj6Bjvrt2WyXVhwyL_vuSWoA\"",
            "group": "team@breu.io",
            "id": "103812011864435643683",
            "kind": "admin#directory#member",
            "role": "MEMBER",
            "status": "ACTIVE",
            "type": "USER"
          },
          "sensitive_attributes": [],
          "private": "eyJzY2hlbWFfdmVyc2lvbiI6IjAifQ=="
        },
        {
          "index_key": "team_shan",
          "schema_version": 0,
          "attributes": {
            "email": "shan@breu.io",
            "etag": "\"iIuugeBvajEpS7jVVV6bKPtQvJb9NR0eDfu6E-hDxr8/pgbkQtd5d2eSekzuyQXo-Cqn0jI\"",
            "group": "team@breu.io",
            "id": "117323215058348115833",
            "kind": "admin#directory#member",
            "role": "OWNER",
            "status": "ACTIVE",
            "type": "USER"
          },
          "sensitive_attributes": [],
          "private": "eyJzY2hlbWFfdmVyc2lvbiI6IjAifQ=="
        },
        {
          "index_key": "team_shehriyar.qureshi",
          "schema_version": 0,
          "attributes": {
            "email": "shehriyar.qureshi@breu.io",
            "etag": "\"iIuugeBvajEpS7jVVV6bKPtQvJb9NR0eDfu6E-hDxr8/39gSV7-8GKGs2O0KUiTAzYo806g\"",
            "group": "team@breu.io",
            "id": "117798215570450147064",
            "kind": "admin#directory#member",
            "role": "MEMBER",
            "status": "ACTIVE",
            "type": "USER"
          },
          "sensitive_attributes": [],
          "private": "eyJzY2hlbWFfdmVyc2lvbiI6IjAifQ=="
        },
        {
          "index_key": "team_yousuf",
          "schema_version": 0,
          "attributes": {
            "email": "yousuf@breu.io",
            "etag": "\"iIuugeBvajEpS7jVVV6bKPtQvJb9NR0eDfu6E-hDxr8/I2rWdb9WyT5I8spNn-hwKZ1dCMg\"",
            "group": "team@breu.io",
            "id": "110568137160487405840",
            "kind": "admin#directory#member",
            "role": "OWNER",
            "status": "ACTIVE",
            "type": "USER"
          },
          "sensitive_attributes": [],
          "private": "eyJzY2hlbWFfdmVyc2lvbiI6IjAifQ=="
        }
      ]
    },
    {
      "mode": "managed",
      "type": "gsuite_user",
      "name": "users",
      "provider": "provider[\"registry.terraform.io/deviavir/gsuite\"]",
      "instances": [
        {
          "index_key": "sauronil",
          "schema_version": 0,
          "attributes": {
            "2s_enforced": false,
            "2s_enrolled": false,
            "agreed_to_terms": null,
            "aliases": [],
            "creation_time": "2021-06-07T07:25:03.000Z",
            "custom_schema": [],
            "customer_id": "C00z5q9hc",
            "deletion_time": "",
            "etag": "\"iIuugeBvajEpS7jVVV6bKPtQvJb9NR0eDfu6E-hDxr8/axg9ahKrIvAi6e5rV3m0fjYFR6k\"",
            "external_ids": [],
            "hash_function": null,
            "id": "103812011864435643683",
            "include_in_global_list": true,
            "is_admin": false,
            "is_delegated_admin": false,
            "is_ip_whitelisted": false,
            "is_mailbox_setup": true,
            "is_suspended": false,
            "last_login_time": "2021-06-17T03:29:13.000Z",
            "name": {
              "family_name": "Das",
              "given_name": "Sauronil"
            },
            "org_unit_path": "/",
            "organizations": [],
            "password": null,
            "posix_accounts": [],
            "primary_email": "sauronil@breu.io",
            "recovery_email": "sauronildas@protonmail.com",
            "recovery_phone": "",
            "ssh_public_keys": [],
            "suspension_reason": "",
            "update_existing": null
          },
          "sensitive_attributes": [],
          "private": "bnVsbA=="
        },
        {
          "index_key": "shan",
          "schema_version": 0,
          "attributes": {
            "2s_enforced": false,
            "2s_enrolled": false,
            "agreed_to_terms": null,
            "aliases": [],
            "creation_time": "2021-04-06T11:20:59.000Z",
            "custom_schema": [],
            "customer_id": "C00z5q9hc",
            "deletion_time": "",
            "etag": "\"iIuugeBvajEpS7jVVV6bKPtQvJb9NR0eDfu6E-hDxr8/lEzqH7wVEhnxjkD6Wc5ag0E3bDE\"",
            "external_ids": [],
            "hash_function": null,
            "id": "117323215058348115833",
            "include_in_global_list": true,
            "is_admin": true,
            "is_delegated_admin": false,
            "is_ip_whitelisted": false,
            "is_mailbox_setup": true,
            "is_suspended": false,
            "last_login_time": "2021-06-16T09:02:29.000Z",
            "name": {
              "family_name": "Raza",
              "given_name": "Shan"
            },
            "org_unit_path": "/",
            "organizations": [],
            "password": null,
            "posix_accounts": [],
            "primary_email": "shan@breu.io",
            "recovery_email": "shanbaloch7@gmail.com",
            "recovery_phone": "",
            "ssh_public_keys": [],
            "suspension_reason": "",
            "update_existing": null
          },
          "sensitive_attributes": [],
          "private": "bnVsbA=="
        },
        {
          "index_key": "shehriyar.qureshi",
          "schema_version": 0,
          "attributes": {
            "2s_enforced": false,
            "2s_enrolled": false,
            "agreed_to_terms": null,
            "aliases": [
              "m.shehriyar@pk.breu.io"
            ],
            "creation_time": "2020-04-08T10:22:42.000Z",
            "custom_schema": [],
            "customer_id": "C00z5q9hc",
            "deletion_time": "",
            "etag": "\"iIuugeBvajEpS7jVVV6bKPtQvJb9NR0eDfu6E-hDxr8/-4Eh7MDeLlV92b9iz4kFbAsa0Iw\"",
            "external_ids": [],
            "hash_function": null,
            "id": "117798215570450147064",
            "include_in_global_list": true,
            "is_admin": true,
            "is_delegated_admin": false,
            "is_ip_whitelisted": false,
            "is_mailbox_setup": true,
            "is_suspended": false,
            "last_login_time": "2021-06-21T03:12:02.000Z",
            "name": {
              "family_name": "Qureshi",
              "given_name": "Shehriyar"
            },
            "org_unit_path": "/",
            "organizations": [],
            "password": null,
            "posix_accounts": [],
            "primary_email": "shehriyar.qureshi@breu.io",
            "recovery_email": "thatdevsherry@gmail.com",
            "recovery_phone": "+923096194332",
            "ssh_public_keys": [],
            "suspension_reason": "",
            "update_existing": null
          },
          "sensitive_attributes": [],
          "private": "bnVsbA=="
        },
        {
          "index_key": "yousuf",
          "schema_version": 0,
          "attributes": {
            "2s_enforced": false,
            "2s_enrolled": false,
            "agreed_to_terms": null,
            "aliases": [
              "jay@breu.io"
            ],
            "creation_time": "2019-11-24T04:25:58.000Z",
            "custom_schema": [],
            "customer_id": "C00z5q9hc",
            "deletion_time": "",
            "etag": "\"iIuugeBvajEpS7jVVV6bKPtQvJb9NR0eDfu6E-hDxr8/hwFzb3KDi0jWItJUn2y5Cged3-g\"",
            "external_ids": [],
            "hash_function": null,
            "id": "110568137160487405840",
            "include_in_global_list": true,
            "is_admin": true,
            "is_delegated_admin": false,
            "is_ip_whitelisted": false,
            "is_mailbox_setup": true,
            "is_suspended": false,
            "last_login_time": "2021-06-20T00:52:35.000Z",
            "name": {
              "family_name": "Jawwad",
              "given_name": "Yousuf"
            },
            "org_unit_path": "/",
            "organizations": [],
            "password": null,
            "posix_accounts": [],
            "primary_email": "yousuf@breu.io",
            "recovery_email": "yousuf.jawwad@gmail.com",
            "recovery_phone": "",
            "ssh_public_keys": [],
            "suspension_reason": "",
            "update_existing": null
          },
          "sensitive_attributes": [],
          "private": "eyJzY2hlbWFfdmVyc2lvbiI6IjAifQ=="
        }
      ]
    }
  ]
}
