{
  "version": 4,
  "terraform_version": "1.0.0",
  "serial": 94,
  "lineage": "40800bc3-2dba-d350-4f1d-4a2b45d877cf",
  "outputs": {
    "github_team_memberships": {
      "value": {
        "admins_InFiNix1": {
          "role": "maintainer",
          "team": "admins",
          "username": "InFiNix1"
        },
        "admins_debuggerpk": {
          "role": "maintainer",
          "team": "admins",
          "username": "debuggerpk"
        },
        "admins_shanlashari": {
          "role": "maintainer",
          "team": "admins",
          "username": "shanlashari"
        }
      },
      "type": [
        "object",
        {
          "admins_InFiNix1": [
            "object",
            {
              "role": "string",
              "team": "string",
              "username": "string"
            }
          ],
          "admins_debuggerpk": [
            "object",
            {
              "role": "string",
              "team": "string",
              "username": "string"
            }
          ],
          "admins_shanlashari": [
            "object",
            {
              "role": "string",
              "team": "string",
              "username": "string"
            }
          ]
        }
      ]
    },
    "github_team_repos": {
      "value": {
        "automatic_admins": {
          "permission": "admin",
          "repo": "automatic",
          "team": "admins"
        },
        "governance_admins": {
          "permission": "admin",
          "repo": "governance",
          "team": "admins"
        }
      },
      "type": [
        "object",
        {
          "automatic_admins": [
            "object",
            {
              "permission": "string",
              "repo": "string",
              "team": "string"
            }
          ],
          "governance_admins": [
            "object",
            {
              "permission": "string",
              "repo": "string",
              "team": "string"
            }
          ]
        }
      ]
    },
    "github_teams": {
      "value": {
        "admins": {
          "create_default_maintainer": false,
          "description": "Github BreuHQ Organization Admins",
          "privacy": "secret"
        }
      },
      "type": [
        "object",
        {
          "admins": [
            "object",
            {
              "create_default_maintainer": "bool",
              "description": "string",
              "privacy": "string"
            }
          ]
        }
      ]
    },
    "gsuite_group_members": {
      "value": {
        "gcp-billing-admins_shan": {
          "email": "shan@breu.io",
          "group": "gcp-billing-admins",
          "role": "OWNER",
          "user": "shan"
        },
        "gcp-billing-admins_yousuf": {
          "email": "yousuf@breu.io",
          "group": "gcp-billing-admins",
          "role": "OWNER",
          "user": "yousuf"
        },
        "team_sauronil": {
          "email": "sauronil@breu.io",
          "group": "team",
          "role": "MEMBER",
          "user": "sauronil"
        },
        "team_shan": {
          "email": "shan@breu.io",
          "group": "team",
          "role": "OWNER",
          "user": "shan"
        },
        "team_yousuf": {
          "email": "yousuf@breu.io",
          "group": "team",
          "role": "OWNER",
          "user": "yousuf"
        }
      },
      "type": [
        "object",
        {
          "gcp-billing-admins_shan": [
            "object",
            {
              "email": "string",
              "group": "string",
              "role": "string",
              "user": "string"
            }
          ],
          "gcp-billing-admins_yousuf": [
            "object",
            {
              "email": "string",
              "group": "string",
              "role": "string",
              "user": "string"
            }
          ],
          "team_sauronil": [
            "object",
            {
              "email": "string",
              "group": "string",
              "role": "string",
              "user": "string"
            }
          ],
          "team_shan": [
            "object",
            {
              "email": "string",
              "group": "string",
              "role": "string",
              "user": "string"
            }
          ],
          "team_yousuf": [
            "object",
            {
              "email": "string",
              "group": "string",
              "role": "string",
              "user": "string"
            }
          ]
        }
      ]
    },
    "gsuite_groups": {
      "value": {
        "gcp-billing-admins": {
          "description": "GCP Billing Admins",
          "name": "gcp-billing-admins"
        },
        "team": {
          "description": "A mailing address for team wide announcements",
          "name": "Breu.io Team"
        }
      },
      "type": [
        "object",
        {
          "gcp-billing-admins": [
            "object",
            {
              "description": "string",
              "name": "string"
            }
          ],
          "team": [
            "object",
            {
              "description": "string",
              "name": "string"
            }
          ]
        }
      ]
    },
    "repos": {
      "value": {
        "automatic": {
          "description": "We are going to automate the world - Nash",
          "has_downloads": true,
          "has_issues": true,
          "has_projects": false,
          "has_wiki": false,
          "name": "automatic",
          "teams": {
            "admins": "admin"
          }
        },
        "governance": {
          "description": "Breu's IAM governance as code",
          "has_downloads": false,
          "has_issues": false,
          "has_projects": false,
          "has_wiki": false,
          "name": "governance",
          "teams": {
            "admins": "admin"
          }
        }
      },
      "type": [
        "object",
        {
          "automatic": [
            "object",
            {
              "description": "string",
              "has_downloads": "bool",
              "has_issues": "bool",
              "has_projects": "bool",
              "has_wiki": "bool",
              "name": "string",
              "teams": [
                "object",
                {
                  "admins": "string"
                }
              ]
            }
          ],
          "governance": [
            "object",
            {
              "description": "string",
              "has_downloads": "bool",
              "has_issues": "bool",
              "has_projects": "bool",
              "has_wiki": "bool",
              "name": "string",
              "teams": [
                "object",
                {
                  "admins": "string"
                }
              ]
            }
          ]
        }
      ]
    },
    "users": {
      "value": {
        "sauronil": {
          "email": "sauronil@breu.io",
          "github": {
            "teams": {
              "admins": "maintainer"
            },
            "username": "InFiNix1"
          },
          "gsuite": {
            "groups": {
              "team": "member"
            }
          },
          "name": {
            "first_name": "Sauronil",
            "last_name": "Das"
          },
          "recovery_email": "sauronildas@protonmail.com"
        },
        "shan": {
          "email": "shan@breu.io",
          "github": {
            "teams": {
              "admins": "maintainer"
            },
            "username": "shanlashari"
          },
          "gsuite": {
            "groups": {
              "gcp-billing-admins": "owner",
              "team": "owner"
            }
          },
          "name": {
            "first_name": "Shan",
            "last_name": "Raza"
          },
          "recovery_email": "shanbaloch7@gmail.com"
        },
        "yousuf": {
          "email": "yousuf@breu.io",
          "github": {
            "teams": {
              "admins": "maintainer"
            },
            "username": "debuggerpk"
          },
          "gsuite": {
            "aliases": [
              "jay@breu.io"
            ],
            "groups": {
              "gcp-billing-admins": "owner",
              "team": "owner"
            }
          },
          "name": {
            "first_name": "Yousuf",
            "last_name": "Jawwad"
          },
          "recovery_email": "yousuf.jawwad@gmail.com"
        }
      },
      "type": [
        "object",
        {
          "sauronil": [
            "object",
            {
              "email": "string",
              "github": [
                "object",
                {
                  "teams": [
                    "object",
                    {
                      "admins": "string"
                    }
                  ],
                  "username": "string"
                }
              ],
              "gsuite": [
                "object",
                {
                  "groups": [
                    "object",
                    {
                      "team": "string"
                    }
                  ]
                }
              ],
              "name": [
                "object",
                {
                  "first_name": "string",
                  "last_name": "string"
                }
              ],
              "recovery_email": "string"
            }
          ],
          "shan": [
            "object",
            {
              "email": "string",
              "github": [
                "object",
                {
                  "teams": [
                    "object",
                    {
                      "admins": "string"
                    }
                  ],
                  "username": "string"
                }
              ],
              "gsuite": [
                "object",
                {
                  "groups": [
                    "object",
                    {
                      "gcp-billing-admins": "string",
                      "team": "string"
                    }
                  ]
                }
              ],
              "name": [
                "object",
                {
                  "first_name": "string",
                  "last_name": "string"
                }
              ],
              "recovery_email": "string"
            }
          ],
          "yousuf": [
            "object",
            {
              "email": "string",
              "github": [
                "object",
                {
                  "teams": [
                    "object",
                    {
                      "admins": "string"
                    }
                  ],
                  "username": "string"
                }
              ],
              "gsuite": [
                "object",
                {
                  "aliases": [
                    "tuple",
                    [
                      "string"
                    ]
                  ],
                  "groups": [
                    "object",
                    {
                      "gcp-billing-admins": "string",
                      "team": "string"
                    }
                  ]
                }
              ],
              "name": [
                "object",
                {
                  "first_name": "string",
                  "last_name": "string"
                }
              ],
              "recovery_email": "string"
            }
          ]
        }
      ]
    }
  },
  "resources": [
    {
      "mode": "managed",
      "type": "github_repository",
      "name": "repos",
      "provider": "provider[\"registry.terraform.io/integrations/github\"]",
      "instances": [
        {
          "index_key": "automatic",
          "schema_version": 0,
          "attributes": {
            "allow_merge_commit": true,
            "allow_rebase_merge": true,
            "allow_squash_merge": true,
            "archive_on_destroy": null,
            "archived": false,
            "auto_init": false,
            "default_branch": "main",
            "delete_branch_on_merge": false,
            "description": "We are going to automate the world - Nash",
            "etag": "W/\"9795d4e30902935c2e2eba1d67069ae3c467d2fb062f60f8934e7f0fd8b895c1\"",
            "full_name": "breuHQ/automatic",
            "git_clone_url": "git://github.com/breuHQ/automatic.git",
            "gitignore_template": null,
            "has_downloads": true,
            "has_issues": true,
            "has_projects": false,
            "has_wiki": false,
            "homepage_url": "",
            "html_url": "https://github.com/breuHQ/automatic",
            "http_clone_url": "https://github.com/breuHQ/automatic.git",
            "id": "automatic",
            "is_template": false,
            "license_template": null,
            "name": "automatic",
            "node_id": "MDEwOlJlcG9zaXRvcnkzNjUwNzcwNjk=",
            "pages": [],
            "private": true,
            "repo_id": 365077069,
            "ssh_clone_url": "git@github.com:breuHQ/automatic.git",
            "svn_url": "https://github.com/breuHQ/automatic",
            "template": [],
            "topics": [],
            "visibility": "private",
            "vulnerability_alerts": false
          },
          "sensitive_attributes": [],
          "private": "bnVsbA=="
        },
        {
          "index_key": "governance",
          "schema_version": 0,
          "attributes": {
            "allow_merge_commit": true,
            "allow_rebase_merge": true,
            "allow_squash_merge": true,
            "archive_on_destroy": null,
            "archived": false,
            "auto_init": false,
            "default_branch": "main",
            "delete_branch_on_merge": false,
            "description": "Breu's IAM governance as code",
            "etag": "W/\"9555200a6db43ea09af80175ee36074188dbaff008fe6cef8536f9bef56a81fc\"",
            "full_name": "breuHQ/governance",
            "git_clone_url": "git://github.com/breuHQ/governance.git",
            "gitignore_template": null,
            "has_downloads": false,
            "has_issues": false,
            "has_projects": false,
            "has_wiki": false,
            "homepage_url": "",
            "html_url": "https://github.com/breuHQ/governance",
            "http_clone_url": "https://github.com/breuHQ/governance.git",
            "id": "governance",
            "is_template": false,
            "license_template": null,
            "name": "governance",
            "node_id": "MDEwOlJlcG9zaXRvcnkzNzU0MzY5MDQ=",
            "pages": [],
            "private": true,
            "repo_id": 375436904,
            "ssh_clone_url": "git@github.com:breuHQ/governance.git",
            "svn_url": "https://github.com/breuHQ/governance",
            "template": [],
            "topics": [],
            "visibility": "private",
            "vulnerability_alerts": false
          },
          "sensitive_attributes": [],
          "private": "eyJzY2hlbWFfdmVyc2lvbiI6IjAifQ=="
        }
      ]
    },
    {
      "mode": "managed",
      "type": "github_team",
      "name": "teams",
      "provider": "provider[\"registry.terraform.io/integrations/github\"]",
      "instances": [
        {
          "index_key": "admins",
          "schema_version": 0,
          "attributes": {
            "create_default_maintainer": false,
            "description": "Github BreuHQ Organization Admins",
            "etag": "W/\"cc74565c51dc78daff9868475aaf4db1ca40db770b2ad26d5777356e63ac3b30\"",
            "id": "3558917",
            "ldap_dn": "",
            "members_count": 3,
            "name": "admins",
            "node_id": "MDQ6VGVhbTM1NTg5MTc=",
            "parent_team_id": null,
            "privacy": "secret",
            "slug": "admins"
          },
          "sensitive_attributes": [],
          "private": "bnVsbA=="
        }
      ]
    },
    {
      "mode": "managed",
      "type": "github_team_membership",
      "name": "team_memberships",
      "provider": "provider[\"registry.terraform.io/integrations/github\"]",
      "instances": [
        {
          "index_key": "admins_InFiNix1",
          "schema_version": 0,
          "attributes": {
            "etag": "W/\"44ce54b1f1143741d8fb44df1abe826ef56d4b4b9d586738d5240f9f780ca72c\"",
            "id": "3558917:InFiNix1",
            "role": "maintainer",
            "team_id": "3558917",
            "username": "InFiNix1"
          },
          "sensitive_attributes": [],
          "private": "eyJzY2hlbWFfdmVyc2lvbiI6IjAifQ==",
          "dependencies": [
            "github_team.teams"
          ]
        },
        {
          "index_key": "admins_debuggerpk",
          "schema_version": 0,
          "attributes": {
            "etag": "W/\"24bdf6d56bf3bc32f7cc9ab23ad9a462a21ad2cc7ea12cd8e4d614e9769e0cbf\"",
            "id": "3558917:debuggerpk",
            "role": "maintainer",
            "team_id": "3558917",
            "username": "debuggerpk"
          },
          "sensitive_attributes": [],
          "private": "eyJzY2hlbWFfdmVyc2lvbiI6IjAifQ==",
          "dependencies": [
            "github_team.teams"
          ]
        },
        {
          "index_key": "admins_shanlashari",
          "schema_version": 0,
          "attributes": {
            "etag": "W/\"c38a3d6dde69bef241e53732e56d1704314f1916bad87e7c86888f2a249f889c\"",
            "id": "3558917:shanlashari",
            "role": "maintainer",
            "team_id": "3558917",
            "username": "shanlashari"
          },
          "sensitive_attributes": [],
          "private": "eyJzY2hlbWFfdmVyc2lvbiI6IjAifQ==",
          "dependencies": [
            "github_team.teams"
          ]
        }
      ]
    },
    {
      "mode": "managed",
      "type": "github_team_repository",
      "name": "team_repos",
      "provider": "provider[\"registry.terraform.io/integrations/github\"]",
      "instances": [
        {
          "index_key": "automatic_admins",
          "schema_version": 0,
          "attributes": {
            "etag": "W/\"062a6a0b3977c08b3249702cd2910b496a802b4f0da18e679cd8fb995b2aa59e\"",
            "id": "3558917:automatic",
            "permission": "admin",
            "repository": "automatic",
            "team_id": "3558917"
          },
          "sensitive_attributes": [],
          "private": "bnVsbA==",
          "dependencies": [
            "github_team.teams"
          ]
        },
        {
          "index_key": "governance_admins",
          "schema_version": 0,
          "attributes": {
            "etag": "W/\"49333c8c9b867a0fb3cbf433a660c9c94007acca84c739f9ea678f870ca462f1\"",
            "id": "3558917:governance",
            "permission": "admin",
            "repository": "governance",
            "team_id": "3558917"
          },
          "sensitive_attributes": [],
          "private": "bnVsbA==",
          "dependencies": [
            "github_team.teams"
          ]
        }
      ]
    },
    {
      "mode": "managed",
      "type": "gsuite_group",
      "name": "groups",
      "provider": "provider[\"registry.terraform.io/deviavir/gsuite\"]",
      "instances": [
        {
          "index_key": "gcp-billing-admins",
          "schema_version": 0,
          "attributes": {
            "admin_created": true,
            "aliases": [],
            "description": "GCP Billing Admins",
            "direct_members_count": 3,
            "email": "gcp-billing-admins@breu.io",
            "id": "041mghml42ngikc",
            "name": "gcp-billing-admins",
            "non_editable_aliases": [
              "gcp-billing-admins@breu.io.test-google-a.com"
            ]
          },
          "sensitive_attributes": [],
          "private": "bnVsbA=="
        },
        {
          "index_key": "team",
          "schema_version": 0,
          "attributes": {
            "admin_created": true,
            "aliases": [],
            "description": "A mailing address for team wide announcements",
            "direct_members_count": 12,
            "email": "team@breu.io",
            "id": "00xvir7l2wtbzwr",
            "name": "Breu.io Team",
            "non_editable_aliases": [
              "team@breu.io.test-google-a.com"
            ]
          },
          "sensitive_attributes": [],
          "private": "bnVsbA=="
        }
      ]
    },
    {
      "mode": "managed",
      "type": "gsuite_group_member",
      "name": "group_member",
      "provider": "provider[\"registry.terraform.io/deviavir/gsuite\"]",
      "instances": [
        {
          "index_key": "gcp-billing-admins_shan",
          "schema_version": 0,
          "attributes": {
            "email": "shan@breu.io",
            "etag": "\"IvK6IGEL_hWAd9aMUAk0bwEpHy2q3KNGJZzmbk3DDzQ/pgbkQtd5d2eSekzuyQXo-Cqn0jI\"",
            "group": "gcp-billing-admins@breu.io",
            "id": "117323215058348115833",
            "kind": "admin#directory#member",
            "role": "OWNER",
            "status": "ACTIVE",
            "type": "USER"
          },
          "sensitive_attributes": [],
          "private": "eyJzY2hlbWFfdmVyc2lvbiI6IjAifQ=="
        },
        {
          "index_key": "gcp-billing-admins_yousuf",
          "schema_version": 0,
          "attributes": {
            "email": "yousuf@breu.io",
            "etag": "\"IvK6IGEL_hWAd9aMUAk0bwEpHy2q3KNGJZzmbk3DDzQ/I2rWdb9WyT5I8spNn-hwKZ1dCMg\"",
            "group": "gcp-billing-admins@breu.io",
            "id": "110568137160487405840",
            "kind": "admin#directory#member",
            "role": "OWNER",
            "status": "ACTIVE",
            "type": "USER"
          },
          "sensitive_attributes": [],
          "private": "eyJzY2hlbWFfdmVyc2lvbiI6IjAifQ=="
        },
        {
          "index_key": "team_sauronil",
          "schema_version": 0,
          "attributes": {
            "email": "sauronil@breu.io",
            "etag": "\"IvK6IGEL_hWAd9aMUAk0bwEpHy2q3KNGJZzmbk3DDzQ/oPYyj6Bjvrt2WyXVhwyL_vuSWoA\"",
            "group": "team@breu.io",
            "id": "103812011864435643683",
            "kind": "admin#directory#member",
            "role": "MEMBER",
            "status": "ACTIVE",
            "type": "USER"
          },
          "sensitive_attributes": [],
          "private": "eyJzY2hlbWFfdmVyc2lvbiI6IjAifQ=="
        },
        {
          "index_key": "team_shan",
          "schema_version": 0,
          "attributes": {
            "email": "shan@breu.io",
            "etag": "\"IvK6IGEL_hWAd9aMUAk0bwEpHy2q3KNGJZzmbk3DDzQ/pgbkQtd5d2eSekzuyQXo-Cqn0jI\"",
            "group": "team@breu.io",
            "id": "117323215058348115833",
            "kind": "admin#directory#member",
            "role": "OWNER",
            "status": "ACTIVE",
            "type": "USER"
          },
          "sensitive_attributes": [],
          "private": "eyJzY2hlbWFfdmVyc2lvbiI6IjAifQ=="
        },
        {
          "index_key": "team_yousuf",
          "schema_version": 0,
          "attributes": {
            "email": "yousuf@breu.io",
            "etag": "\"IvK6IGEL_hWAd9aMUAk0bwEpHy2q3KNGJZzmbk3DDzQ/I2rWdb9WyT5I8spNn-hwKZ1dCMg\"",
            "group": "team@breu.io",
            "id": "110568137160487405840",
            "kind": "admin#directory#member",
            "role": "OWNER",
            "status": "ACTIVE",
            "type": "USER"
          },
          "sensitive_attributes": [],
          "private": "eyJzY2hlbWFfdmVyc2lvbiI6IjAifQ=="
        }
      ]
    },
    {
      "mode": "managed",
      "type": "gsuite_user",
      "name": "users",
      "provider": "provider[\"registry.terraform.io/deviavir/gsuite\"]",
      "instances": [
        {
          "index_key": "sauronil",
          "schema_version": 0,
          "attributes": {
            "2s_enforced": false,
            "2s_enrolled": false,
            "agreed_to_terms": null,
            "aliases": [],
            "creation_time": "2021-06-07T07:25:03.000Z",
            "custom_schema": [],
            "customer_id": "C00z5q9hc",
            "deletion_time": "",
            "etag": "\"IvK6IGEL_hWAd9aMUAk0bwEpHy2q3KNGJZzmbk3DDzQ/X9zAoItfoEye-tLpFijAbtFvOCU\"",
            "external_ids": [],
            "hash_function": null,
            "id": "103812011864435643683",
            "include_in_global_list": true,
            "is_admin": false,
            "is_delegated_admin": false,
            "is_ip_whitelisted": false,
            "is_mailbox_setup": true,
            "is_suspended": false,
            "last_login_time": "2021-06-14T20:22:25.000Z",
            "name": {
              "family_name": "Das",
              "given_name": "Sauronil"
            },
            "org_unit_path": "/",
            "organizations": [],
            "password": null,
            "posix_accounts": [],
            "primary_email": "sauronil@breu.io",
            "recovery_email": "sauronildas@protonmail.com",
            "recovery_phone": "",
            "ssh_public_keys": [],
            "suspension_reason": "",
            "update_existing": null
          },
          "sensitive_attributes": [],
          "private": "bnVsbA=="
        },
        {
          "index_key": "shan",
          "schema_version": 0,
          "attributes": {
            "2s_enforced": false,
            "2s_enrolled": false,
            "agreed_to_terms": null,
            "aliases": [],
            "creation_time": "2021-04-06T11:20:59.000Z",
            "custom_schema": [],
            "customer_id": "C00z5q9hc",
            "deletion_time": "",
            "etag": "\"IvK6IGEL_hWAd9aMUAk0bwEpHy2q3KNGJZzmbk3DDzQ/1fkcifcsvzKKRm-CS0KakzpTanY\"",
            "external_ids": [],
            "hash_function": null,
            "id": "117323215058348115833",
            "include_in_global_list": true,
            "is_admin": true,
            "is_delegated_admin": false,
            "is_ip_whitelisted": false,
            "is_mailbox_setup": true,
            "is_suspended": false,
            "last_login_time": "2021-06-07T07:12:47.000Z",
            "name": {
              "family_name": "Raza",
              "given_name": "Shan"
            },
            "org_unit_path": "/",
            "organizations": [],
            "password": null,
            "posix_accounts": [],
            "primary_email": "shan@breu.io",
            "recovery_email": "shanbaloch7@gmail.com",
            "recovery_phone": "",
            "ssh_public_keys": [],
            "suspension_reason": "",
            "update_existing": null
          },
          "sensitive_attributes": [],
          "private": "bnVsbA=="
        },
        {
          "index_key": "yousuf",
          "schema_version": 0,
          "attributes": {
            "2s_enforced": false,
            "2s_enrolled": false,
            "agreed_to_terms": null,
            "aliases": [
              "jay@breu.io"
            ],
            "creation_time": "2019-11-24T04:25:58.000Z",
            "custom_schema": [],
            "customer_id": "C00z5q9hc",
            "deletion_time": "",
            "etag": "\"IvK6IGEL_hWAd9aMUAk0bwEpHy2q3KNGJZzmbk3DDzQ/JdB0JYXdo7B54SNoydSLRKZTMyk\"",
            "external_ids": [],
            "hash_function": null,
            "id": "110568137160487405840",
            "include_in_global_list": true,
            "is_admin": true,
            "is_delegated_admin": false,
            "is_ip_whitelisted": false,
            "is_mailbox_setup": true,
            "is_suspended": false,
            "last_login_time": "2021-06-15T09:17:50.000Z",
            "name": {
              "family_name": "Jawwad",
              "given_name": "Yousuf"
            },
            "org_unit_path": "/",
            "organizations": [],
            "password": null,
            "posix_accounts": [],
            "primary_email": "yousuf@breu.io",
            "recovery_email": "yousuf.jawwad@gmail.com",
            "recovery_phone": "",
            "ssh_public_keys": [],
            "suspension_reason": "",
            "update_existing": null
          },
          "sensitive_attributes": [],
          "private": "eyJzY2hlbWFfdmVyc2lvbiI6IjAifQ=="
        }
      ]
    }
  ]
}
